
Microsoft Visual Studio Solution File, Format Version 12.00
# Visual Studio Version 17
Project("{2150E333-8FDC-42A3-9474-1A3956D46DE8}") = "CMakePredefinedTargets", "CMakePredefinedTargets", "{5F290263-A166-3E5D-81E3-60F59B92ED69}"
EndProject
Project("{2150E333-8FDC-42A3-9474-1A3956D46DE8}") = "header", "header", "{CFC78CFE-4A18-319B-9075-E6A3F12544CB}"
EndProject
Project("{8BC9CEB8-8B4A-11D0-8D11-00A0C91BC942}") = "ALL_BUILD", "ALL_BUILD.vcxproj", "{8CF09863-D29B-3F84-A974-456DFA803F0D}"
	ProjectSection(ProjectDependencies) = postProject
		{6D93DC1C-FD42-375A-A565-9D6966EBB01C} = {6D93DC1C-FD42-375A-A565-9D6966EBB01C}
	EndProjectSection
EndProject
Project("{8BC9CEB8-8B4A-11D0-8D11-00A0C91BC942}") = "INSTALL", "INSTALL.vcxproj", "{6E276418-18A8-34E6-9027-FE4E2ABCD032}"
	ProjectSection(ProjectDependencies) = postProject
		{8CF09863-D29B-3F84-A974-456DFA803F0D} = {8CF09863-D29B-3F84-A974-456DFA803F0D}
		{6D93DC1C-FD42-375A-A565-9D6966EBB01C} = {6D93DC1C-FD42-375A-A565-9D6966EBB01C}
	EndProjectSection
EndProject
Project("{8BC9CEB8-8B4A-11D0-8D11-00A0C91BC942}") = "ZERO_CHECK", "C:\TeamCity\work\938b0bdf6727d1ad\build\temp.win32-cpython-311\Release\ZERO_CHECK.vcxproj", "{6D93DC1C-FD42-375A-A565-9D6966EBB01C}"
	ProjectSection(ProjectDependencies) = postProject
	EndProjectSection
EndProject
Project("{8BC9CEB8-8B4A-11D0-8D11-00A0C91BC942}") = "range.v3.headers", "range.v3.headers.vcxproj", "{8409A9E5-64F9-3CDD-AD90-80F4668DFE6D}"
	ProjectSection(ProjectDependencies) = postProject
		{6D93DC1C-FD42-375A-A565-9D6966EBB01C} = {6D93DC1C-FD42-375A-A565-9D6966EBB01C}
	EndProjectSection
EndProject
Global
	GlobalSection(SolutionConfigurationPlatforms) = preSolution
		Debug|Win32 = Debug|Win32
		Release|Win32 = Release|Win32
		MinSizeRel|Win32 = MinSizeRel|Win32
		RelWithDebInfo|Win32 = RelWithDebInfo|Win32
	EndGlobalSection
	GlobalSection(ProjectConfigurationPlatforms) = postSolution
		{8CF09863-D29B-3F84-A974-456DFA803F0D}.Debug|Win32.ActiveCfg = Debug|Win32
		{8CF09863-D29B-3F84-A974-456DFA803F0D}.Debug|Win32.Build.0 = Debug|Win32
		{8CF09863-D29B-3F84-A974-456DFA803F0D}.Release|Win32.ActiveCfg = Release|Win32
		{8CF09863-D29B-3F84-A974-456DFA803F0D}.Release|Win32.Build.0 = Release|Win32
		{8CF09863-D29B-3F84-A974-456DFA803F0D}.MinSizeRel|Win32.ActiveCfg = MinSizeRel|Win32
		{8CF09863-D29B-3F84-A974-456DFA803F0D}.MinSizeRel|Win32.Build.0 = MinSizeRel|Win32
		{8CF09863-D29B-3F84-A974-456DFA803F0D}.RelWithDebInfo|Win32.ActiveCfg = RelWithDebInfo|Win32
		{8CF09863-D29B-3F84-A974-456DFA803F0D}.RelWithDebInfo|Win32.Build.0 = RelWithDebInfo|Win32
		{6E276418-18A8-34E6-9027-FE4E2ABCD032}.Debug|Win32.ActiveCfg = Debug|Win32
		{6E276418-18A8-34E6-9027-FE4E2ABCD032}.Release|Win32.ActiveCfg = Release|Win32
		{6E276418-18A8-34E6-9027-FE4E2ABCD032}.MinSizeRel|Win32.ActiveCfg = MinSizeRel|Win32
		{6E276418-18A8-34E6-9027-FE4E2ABCD032}.RelWithDebInfo|Win32.ActiveCfg = RelWithDebInfo|Win32
		{6D93DC1C-FD42-375A-A565-9D6966EBB01C}.Debug|Win32.ActiveCfg = Debug|Win32
		{6D93DC1C-FD42-375A-A565-9D6966EBB01C}.Debug|Win32.Build.0 = Debug|Win32
		{6D93DC1C-FD42-375A-A565-9D6966EBB01C}.Release|Win32.ActiveCfg = Release|Win32
		{6D93DC1C-FD42-375A-A565-9D6966EBB01C}.Release|Win32.Build.0 = Release|Win32
		{6D93DC1C-FD42-375A-A565-9D6966EBB01C}.MinSizeRel|Win32.ActiveCfg = MinSizeRel|Win32
		{6D93DC1C-FD42-375A-A565-9D6966EBB01C}.MinSizeRel|Win32.Build.0 = MinSizeRel|Win32
		{6D93DC1C-FD42-375A-A565-9D6966EBB01C}.RelWithDebInfo|Win32.ActiveCfg = RelWithDebInfo|Win32
		{6D93DC1C-FD42-375A-A565-9D6966EBB01C}.RelWithDebInfo|Win32.Build.0 = RelWithDebInfo|Win32
		{8409A9E5-64F9-3CDD-AD90-80F4668DFE6D}.Debug|Win32.ActiveCfg = Debug|Win32
		{8409A9E5-64F9-3CDD-AD90-80F4668DFE6D}.Release|Win32.ActiveCfg = Release|Win32
		{8409A9E5-64F9-3CDD-AD90-80F4668DFE6D}.MinSizeRel|Win32.ActiveCfg = MinSizeRel|Win32
		{8409A9E5-64F9-3CDD-AD90-80F4668DFE6D}.RelWithDebInfo|Win32.ActiveCfg = RelWithDebInfo|Win32
	EndGlobalSection
	GlobalSection(NestedProjects) = preSolution
		{8CF09863-D29B-3F84-A974-456DFA803F0D} = {5F290263-A166-3E5D-81E3-60F59B92ED69}
		{6E276418-18A8-34E6-9027-FE4E2ABCD032} = {5F290263-A166-3E5D-81E3-60F59B92ED69}
		{6D93DC1C-FD42-375A-A565-9D6966EBB01C} = {5F290263-A166-3E5D-81E3-60F59B92ED69}
		{8409A9E5-64F9-3CDD-AD90-80F4668DFE6D} = {CFC78CFE-4A18-319B-9075-E6A3F12544CB}
	EndGlobalSection
	GlobalSection(ExtensibilityGlobals) = postSolution
		SolutionGuid = {A9E2C31A-F5F8-3ABB-811A-1C3833D19190}
	EndGlobalSection
	GlobalSection(ExtensibilityAddIns) = postSolution
	EndGlobalSection
EndGlobal
