# generated by rye
# use `rye lock` or `rye sync` to update this lockfile
#
# last locked with the following flags:
#   pre: false
#   features: []
#   all-features: false
#   with-sources: false
#   generate-hashes: false
#   universal: false

-e file:.
aiofiles==25.1.0
    # via esgpull
aiostream==0.7.1
    # via esgpull
alembic==1.18.0
    # via esgpull
annotated-types==0.7.0
    # via pydantic
anyio==4.12.1
    # via httpx
attrs==25.4.0
    # via cattrs
    # via esgpull
cattrs==25.3.0
    # via esgpull
certifi==2026.1.4
    # via httpcore
    # via httpx
cffi==2.0.0
    # via cryptography
click==8.3.1
    # via click-params
    # via esgpull
click-params==0.5.0
    # via esgpull
cryptography==46.0.3
    # via pyopenssl
deprecated==1.3.1
    # via click-params
exceptiongroup==1.3.1
    # via anyio
    # via cattrs
greenlet==3.3.0
    # via sqlalchemy
h11==0.16.0
    # via httpcore
httpcore==1.0.9
    # via httpx
httpx==0.28.1
    # via esgpull
idna==3.11
    # via anyio
    # via httpx
mako==1.3.10
    # via alembic
markdown-it-py==4.0.0
    # via rich
markupsafe==3.0.3
    # via mako
mdurl==0.1.2
    # via markdown-it-py
nest-asyncio==1.6.0
    # via esgpull
packaging==25.0
    # via esgpull
platformdirs==4.5.1
    # via esgpull
pycparser==2.23
    # via cffi
pydantic==2.12.5
    # via esgpull
    # via pydantic-settings
pydantic-core==2.41.5
    # via pydantic
pydantic-settings==2.12.0
    # via esgpull
pygments==2.19.2
    # via rich
pyopenssl==25.3.0
    # via esgpull
pyparsing==3.3.1
    # via esgpull
python-dotenv==1.2.1
    # via pydantic-settings
pyyaml==6.0.3
    # via esgpull
rich==14.2.0
    # via esgpull
setuptools==80.9.0
    # via esgpull
sqlalchemy==2.0.45
    # via alembic
    # via esgpull
tomli==2.4.0
    # via alembic
tomlkit==0.14.0
    # via esgpull
typing-extensions==4.15.0
    # via aiostream
    # via alembic
    # via anyio
    # via cattrs
    # via cryptography
    # via exceptiongroup
    # via pydantic
    # via pydantic-core
    # via pyopenssl
    # via sqlalchemy
    # via typing-inspection
typing-inspection==0.4.2
    # via pydantic
    # via pydantic-settings
validators==0.22.0
    # via click-params
wrapt==2.0.1
    # via deprecated
