<?xml version="1.0" encoding="utf-8"?>
<Project ToolsVersion="17.0" xmlns="http://schemas.microsoft.com/developer/msbuild/2003">
  <ItemGroup>
    <CustomBuild Include="C:\TeamCity\work\938b0bdf6727d1ad\build\temp.win32-cpython-310\Release\CMakeFiles\2b86684d48dba61e036293d393175fcf\INSTALL_force.rule">
      <Filter>CMake Rules</Filter>
    </CustomBuild>
  </ItemGroup>
  <ItemGroup>
    <Filter Include="CMake Rules">
      <UniqueIdentifier>{16404578-B876-3370-AD28-4400B87D3D14}</UniqueIdentifier>
    </Filter>
  </ItemGroup>
</Project>
