<?xml version="1.0" encoding="utf-8"?>
<Project ToolsVersion="17.0" xmlns="http://schemas.microsoft.com/developer/msbuild/2003">
  <ItemGroup>
    <CustomBuild Include="C:\TeamCity\work\938b0bdf6727d1ad\build\temp.win-amd64-cpython-39\Release\CMakeFiles\4e75b13578d0477bba7dfc860fba2304\INSTALL_force.rule">
      <Filter>CMake Rules</Filter>
    </CustomBuild>
  </ItemGroup>
  <ItemGroup>
    <Filter Include="CMake Rules">
      <UniqueIdentifier>{7B1B36D0-56A6-3C15-976B-FFEB3E3906ED}</UniqueIdentifier>
    </Filter>
  </ItemGroup>
</Project>
