version = 1
revision = 2
requires-python = ">=3.9"

[[package]]
name = "class-widgets-sdk"
source = { editable = "." }

[package.optional-dependencies]
test = [
    { name = "pyside6" },
    { name = "rinui" },
]

[package.metadata]
requires-dist = [
    { name = "pyside6", marker = "extra == 'test'" },
    { name = "rinui", marker = "extra == 'test'" },
]
provides-extras = ["test"]

[[package]]
name = "darkdetect"
version = "0.8.0"
source = { registry = "https://pypi.org/simple" }
sdist = { url = "https://files.pythonhosted.org/packages/45/77/7575be73bf12dee231d0c6e60ce7fb7a7be4fcd58823374fc59a6e48262e/darkdetect-0.8.0.tar.gz", hash = "sha256:b5428e1170263eb5dea44c25dc3895edd75e6f52300986353cd63533fe7df8b1", size = 7681, upload-time = "2022-12-16T14:14:42.113Z" }
wheels = [
    { url = "https://files.pythonhosted.org/packages/f2/f2/728f041460f1b9739b85ee23b45fa5a505962ea11fd85bdbe2a02b021373/darkdetect-0.8.0-py3-none-any.whl", hash = "sha256:a7509ccf517eaad92b31c214f593dbcf138ea8a43b2935406bbd565e15527a85", size = 8955, upload-time = "2022-12-16T14:14:40.92Z" },
]

[[package]]
name = "pyside6"
version = "6.10.1"
source = { registry = "https://pypi.org/simple" }
dependencies = [
    { name = "pyside6-addons" },
    { name = "pyside6-essentials" },
    { name = "shiboken6" },
]
wheels = [
    { url = "https://files.pythonhosted.org/packages/56/22/f82cfcd1158be502c5741fe67c3fa853f3c1edbd3ac2c2250769dd9722d1/pyside6-6.10.1-cp39-abi3-macosx_13_0_universal2.whl", hash = "sha256:d0e70dd0e126d01986f357c2a555722f9462cf8a942bf2ce180baf69f468e516", size = 558169, upload-time = "2025-11-20T10:09:08.79Z" },
    { url = "https://files.pythonhosted.org/packages/66/eb/54afe242a25d1c33b04ecd8321a549d9efb7b89eef7690eed92e98ba1dc9/pyside6-6.10.1-cp39-abi3-manylinux_2_34_x86_64.whl", hash = "sha256:4053bf51ba2c2cb20e1005edd469997976a02cec009f7c46356a0b65c137f1fa", size = 557818, upload-time = "2025-11-20T10:09:10.132Z" },
    { url = "https://files.pythonhosted.org/packages/4d/af/5706b1b33587dc2f3dfa3a5000424befba35e4f2d5889284eebbde37138b/pyside6-6.10.1-cp39-abi3-manylinux_2_39_aarch64.whl", hash = "sha256:7d3ca20a40139ca5324a7864f1d91cdf2ff237e11bd16354a42670f2a4eeb13c", size = 558358, upload-time = "2025-11-20T10:09:11.288Z" },
    { url = "https://files.pythonhosted.org/packages/26/41/3f48d724ecc8e42cea8a8442aa9b5a86d394b85093275990038fd1020039/pyside6-6.10.1-cp39-abi3-win_amd64.whl", hash = "sha256:9f89ff994f774420eaa38cec6422fddd5356611d8481774820befd6f3bb84c9e", size = 564424, upload-time = "2025-11-20T10:09:12.677Z" },
    { url = "https://files.pythonhosted.org/packages/af/30/395411473b433875a82f6b5fdd0cb28f19a0e345bcaac9fbc039400d7072/pyside6-6.10.1-cp39-abi3-win_arm64.whl", hash = "sha256:9c5c1d94387d1a32a6fae25348097918ef413b87dfa3767c46f737c6d48ae437", size = 548866, upload-time = "2025-11-20T10:09:14.174Z" },
]

[[package]]
name = "pyside6-addons"
version = "6.10.1"
source = { registry = "https://pypi.org/simple" }
dependencies = [
    { name = "pyside6-essentials" },
    { name = "shiboken6" },
]
wheels = [
    { url = "https://files.pythonhosted.org/packages/2d/f9/b72a2578d7dbef7741bb90b5756b4ef9c99a5b40148ea53ce7f048573fe9/pyside6_addons-6.10.1-cp39-abi3-macosx_13_0_universal2.whl", hash = "sha256:4d2b82bbf9b861134845803837011e5f9ac7d33661b216805273cf0c6d0f8e82", size = 322639446, upload-time = "2025-11-20T09:54:50.75Z" },
    { url = "https://files.pythonhosted.org/packages/94/3b/3ed951c570a15570706a89d39bfd4eaaffdf16d5c2dca17e82fc3ec8aaa6/pyside6_addons-6.10.1-cp39-abi3-manylinux_2_34_x86_64.whl", hash = "sha256:330c229b58d30083a7b99ed22e118eb4f4126408429816a4044ccd0438ae81b4", size = 170678293, upload-time = "2025-11-20T09:56:40.991Z" },
    { url = "https://files.pythonhosted.org/packages/22/77/4c780b204d0bf3323a75c184e349d063e208db44c993f1214aa4745d6f47/pyside6_addons-6.10.1-cp39-abi3-manylinux_2_39_aarch64.whl", hash = "sha256:56864b5fecd6924187a2d0f7e98d968ed72b6cc267caa5b294cd7e88fff4e54c", size = 166365011, upload-time = "2025-11-20T09:57:20.261Z" },
    { url = "https://files.pythonhosted.org/packages/04/14/58239776499e6b279fa6ca2e0d47209531454b99f6bd2ad7c96f11109416/pyside6_addons-6.10.1-cp39-abi3-win_amd64.whl", hash = "sha256:b6e249d15407dd33d6a2ffabd9dc6d7a8ab8c95d05f16a71dad4d07781c76341", size = 164864664, upload-time = "2025-11-20T09:57:54.815Z" },
    { url = "https://files.pythonhosted.org/packages/e2/cd/1b74108671ba4b1ebb2661330665c4898b089e9c87f7ba69fe2438f3d1b6/pyside6_addons-6.10.1-cp39-abi3-win_arm64.whl", hash = "sha256:0de303c0447326cdc6c8be5ab066ef581e2d0baf22560c9362d41b8304fdf2db", size = 34191225, upload-time = "2025-11-20T09:58:04.184Z" },
]

[[package]]
name = "pyside6-essentials"
version = "6.10.1"
source = { registry = "https://pypi.org/simple" }
dependencies = [
    { name = "shiboken6" },
]
wheels = [
    { url = "https://files.pythonhosted.org/packages/04/b0/c43209fecef79912e9b1c70a1b5172b1edf76caebcc885c58c60a09613b0/pyside6_essentials-6.10.1-cp39-abi3-macosx_13_0_universal2.whl", hash = "sha256:cd224aff3bb26ff1fca32c050e1c4d0bd9f951a96219d40d5f3d0128485b0bbe", size = 105461499, upload-time = "2025-11-20T09:59:23.733Z" },
    { url = "https://files.pythonhosted.org/packages/5f/8e/b69ba7fa0c701f3f4136b50460441697ec49ee6ea35c229eb2a5ee4b5952/pyside6_essentials-6.10.1-cp39-abi3-manylinux_2_34_x86_64.whl", hash = "sha256:e9ccbfb58c03911a0bce1f2198605b02d4b5ca6276bfc0cbcf7c6f6393ffb856", size = 76764617, upload-time = "2025-11-20T09:59:38.831Z" },
    { url = "https://files.pythonhosted.org/packages/bd/83/569d27f4b6c6b9377150fe1a3745d64d02614021bea233636bc936a23423/pyside6_essentials-6.10.1-cp39-abi3-manylinux_2_39_aarch64.whl", hash = "sha256:ec8617c9b143b0c19ba1cc5a7e98c538e4143795480cb152aee47802c18dc5d2", size = 75850373, upload-time = "2025-11-20T09:59:56.082Z" },
    { url = "https://files.pythonhosted.org/packages/1e/64/a8df6333de8ccbf3a320e1346ca30d0f314840aff5e3db9b4b66bf38e26c/pyside6_essentials-6.10.1-cp39-abi3-win_amd64.whl", hash = "sha256:9555a48e8f0acf63fc6a23c250808db841b28a66ed6ad89ee0e4df7628752674", size = 74491180, upload-time = "2025-11-20T10:00:11.215Z" },
    { url = "https://files.pythonhosted.org/packages/67/da/65cc6c6a870d4ea908c59b2f0f9e2cf3bfc6c0710ebf278ed72f69865e4e/pyside6_essentials-6.10.1-cp39-abi3-win_arm64.whl", hash = "sha256:4d1d248644f1778f8ddae5da714ca0f5a150a5e6f602af2765a7d21b876da05c", size = 55190458, upload-time = "2025-11-20T10:00:26.226Z" },
]

[[package]]
name = "pywin32"
version = "311"
source = { registry = "https://pypi.org/simple" }
wheels = [
    { url = "https://files.pythonhosted.org/packages/7b/40/44efbb0dfbd33aca6a6483191dae0716070ed99e2ecb0c53683f400a0b4f/pywin32-311-cp310-cp310-win32.whl", hash = "sha256:d03ff496d2a0cd4a5893504789d4a15399133fe82517455e78bad62efbb7f0a3", size = 8760432, upload-time = "2025-07-14T20:13:05.9Z" },
    { url = "https://files.pythonhosted.org/packages/5e/bf/360243b1e953bd254a82f12653974be395ba880e7ec23e3731d9f73921cc/pywin32-311-cp310-cp310-win_amd64.whl", hash = "sha256:797c2772017851984b97180b0bebe4b620bb86328e8a884bb626156295a63b3b", size = 9590103, upload-time = "2025-07-14T20:13:07.698Z" },
    { url = "https://files.pythonhosted.org/packages/57/38/d290720e6f138086fb3d5ffe0b6caa019a791dd57866940c82e4eeaf2012/pywin32-311-cp310-cp310-win_arm64.whl", hash = "sha256:0502d1facf1fed4839a9a51ccbcc63d952cf318f78ffc00a7e78528ac27d7a2b", size = 8778557, upload-time = "2025-07-14T20:13:11.11Z" },
    { url = "https://files.pythonhosted.org/packages/7c/af/449a6a91e5d6db51420875c54f6aff7c97a86a3b13a0b4f1a5c13b988de3/pywin32-311-cp311-cp311-win32.whl", hash = "sha256:184eb5e436dea364dcd3d2316d577d625c0351bf237c4e9a5fabbcfa5a58b151", size = 8697031, upload-time = "2025-07-14T20:13:13.266Z" },
    { url = "https://files.pythonhosted.org/packages/51/8f/9bb81dd5bb77d22243d33c8397f09377056d5c687aa6d4042bea7fbf8364/pywin32-311-cp311-cp311-win_amd64.whl", hash = "sha256:3ce80b34b22b17ccbd937a6e78e7225d80c52f5ab9940fe0506a1a16f3dab503", size = 9508308, upload-time = "2025-07-14T20:13:15.147Z" },
    { url = "https://files.pythonhosted.org/packages/44/7b/9c2ab54f74a138c491aba1b1cd0795ba61f144c711daea84a88b63dc0f6c/pywin32-311-cp311-cp311-win_arm64.whl", hash = "sha256:a733f1388e1a842abb67ffa8e7aad0e70ac519e09b0f6a784e65a136ec7cefd2", size = 8703930, upload-time = "2025-07-14T20:13:16.945Z" },
    { url = "https://files.pythonhosted.org/packages/e7/ab/01ea1943d4eba0f850c3c61e78e8dd59757ff815ff3ccd0a84de5f541f42/pywin32-311-cp312-cp312-win32.whl", hash = "sha256:750ec6e621af2b948540032557b10a2d43b0cee2ae9758c54154d711cc852d31", size = 8706543, upload-time = "2025-07-14T20:13:20.765Z" },
    { url = "https://files.pythonhosted.org/packages/d1/a8/a0e8d07d4d051ec7502cd58b291ec98dcc0c3fff027caad0470b72cfcc2f/pywin32-311-cp312-cp312-win_amd64.whl", hash = "sha256:b8c095edad5c211ff31c05223658e71bf7116daa0ecf3ad85f3201ea3190d067", size = 9495040, upload-time = "2025-07-14T20:13:22.543Z" },
    { url = "https://files.pythonhosted.org/packages/ba/3a/2ae996277b4b50f17d61f0603efd8253cb2d79cc7ae159468007b586396d/pywin32-311-cp312-cp312-win_arm64.whl", hash = "sha256:e286f46a9a39c4a18b319c28f59b61de793654af2f395c102b4f819e584b5852", size = 8710102, upload-time = "2025-07-14T20:13:24.682Z" },
    { url = "https://files.pythonhosted.org/packages/a5/be/3fd5de0979fcb3994bfee0d65ed8ca9506a8a1260651b86174f6a86f52b3/pywin32-311-cp313-cp313-win32.whl", hash = "sha256:f95ba5a847cba10dd8c4d8fefa9f2a6cf283b8b88ed6178fa8a6c1ab16054d0d", size = 8705700, upload-time = "2025-07-14T20:13:26.471Z" },
    { url = "https://files.pythonhosted.org/packages/e3/28/e0a1909523c6890208295a29e05c2adb2126364e289826c0a8bc7297bd5c/pywin32-311-cp313-cp313-win_amd64.whl", hash = "sha256:718a38f7e5b058e76aee1c56ddd06908116d35147e133427e59a3983f703a20d", size = 9494700, upload-time = "2025-07-14T20:13:28.243Z" },
    { url = "https://files.pythonhosted.org/packages/04/bf/90339ac0f55726dce7d794e6d79a18a91265bdf3aa70b6b9ca52f35e022a/pywin32-311-cp313-cp313-win_arm64.whl", hash = "sha256:7b4075d959648406202d92a2310cb990fea19b535c7f4a78d3f5e10b926eeb8a", size = 8709318, upload-time = "2025-07-14T20:13:30.348Z" },
    { url = "https://files.pythonhosted.org/packages/c9/31/097f2e132c4f16d99a22bfb777e0fd88bd8e1c634304e102f313af69ace5/pywin32-311-cp314-cp314-win32.whl", hash = "sha256:b7a2c10b93f8986666d0c803ee19b5990885872a7de910fc460f9b0c2fbf92ee", size = 8840714, upload-time = "2025-07-14T20:13:32.449Z" },
    { url = "https://files.pythonhosted.org/packages/90/4b/07c77d8ba0e01349358082713400435347df8426208171ce297da32c313d/pywin32-311-cp314-cp314-win_amd64.whl", hash = "sha256:3aca44c046bd2ed8c90de9cb8427f581c479e594e99b5c0bb19b29c10fd6cb87", size = 9656800, upload-time = "2025-07-14T20:13:34.312Z" },
    { url = "https://files.pythonhosted.org/packages/c0/d2/21af5c535501a7233e734b8af901574572da66fcc254cb35d0609c9080dd/pywin32-311-cp314-cp314-win_arm64.whl", hash = "sha256:a508e2d9025764a8270f93111a970e1d0fbfc33f4153b388bb649b7eec4f9b42", size = 8932540, upload-time = "2025-07-14T20:13:36.379Z" },
    { url = "https://files.pythonhosted.org/packages/59/42/b86689aac0cdaee7ae1c58d464b0ff04ca909c19bb6502d4973cdd9f9544/pywin32-311-cp39-cp39-win32.whl", hash = "sha256:aba8f82d551a942cb20d4a83413ccbac30790b50efb89a75e4f586ac0bb8056b", size = 8760837, upload-time = "2025-07-14T20:12:59.59Z" },
    { url = "https://files.pythonhosted.org/packages/9f/8a/1403d0353f8c5a2f0829d2b1c4becbf9da2f0a4d040886404fc4a5431e4d/pywin32-311-cp39-cp39-win_amd64.whl", hash = "sha256:e0c4cfb0621281fe40387df582097fd796e80430597cb9944f0ae70447bacd91", size = 9590187, upload-time = "2025-07-14T20:13:01.419Z" },
    { url = "https://files.pythonhosted.org/packages/60/22/e0e8d802f124772cec9c75430b01a212f86f9de7546bda715e54140d5aeb/pywin32-311-cp39-cp39-win_arm64.whl", hash = "sha256:62ea666235135fee79bb154e695f3ff67370afefd71bd7fea7512fc70ef31e3d", size = 8778162, upload-time = "2025-07-14T20:13:03.544Z" },
]

[[package]]
name = "rinui"
version = "0.1.9"
source = { registry = "https://pypi.org/simple" }
dependencies = [
    { name = "darkdetect" },
    { name = "pyside6" },
    { name = "pywin32", marker = "sys_platform == 'win32'" },
]
sdist = { url = "https://files.pythonhosted.org/packages/b8/70/e1276667788616df81da3bdcfe324fc5dc65dd8c8fdb4de0a9aa4e5be5f3/rinui-0.1.9.tar.gz", hash = "sha256:c7a1a88e77902ed054d5aa8e6dc6eacaff72f6aaba7a78e9b35149ed57d6a8a6", size = 897241, upload-time = "2025-10-26T05:52:38.46Z" }
wheels = [
    { url = "https://files.pythonhosted.org/packages/96/32/93efe771ced24aaf52eae583d702501236666f572b8c46777ae0d505e865/rinui-0.1.9-py3-none-any.whl", hash = "sha256:e88fcf26151accdb34c911fbca42a24cfbe7ac7f2870369f00d3fc0661e5a874", size = 948638, upload-time = "2025-10-26T05:52:36.354Z" },
]

[[package]]
name = "shiboken6"
version = "6.10.1"
source = { registry = "https://pypi.org/simple" }
wheels = [
    { url = "https://files.pythonhosted.org/packages/6f/8b/e5db743d505ceea3efc4cd9634a3bee22a3e2bf6e07cefd28c9b9edabcc6/shiboken6-6.10.1-cp39-abi3-macosx_13_0_universal2.whl", hash = "sha256:9f2990f5b61b0b68ecadcd896ab4441f2cb097eef7797ecc40584107d9850d71", size = 478483, upload-time = "2025-11-20T10:08:52.411Z" },
    { url = "https://files.pythonhosted.org/packages/56/ba/b50c1a44b3c4643f482afbf1a0ea58f393827307100389ce29404f9ad3b0/shiboken6-6.10.1-cp39-abi3-manylinux_2_34_x86_64.whl", hash = "sha256:f4221a52dfb81f24a0d20cc4f8981cb6edd810d5a9fb28287ce10d342573a0e4", size = 271993, upload-time = "2025-11-20T10:08:54.093Z" },
    { url = "https://files.pythonhosted.org/packages/16/b8/939c24ebd662b0aa5c945443d0973145b3fb7079f0196274ef7bb4b98f73/shiboken6-6.10.1-cp39-abi3-manylinux_2_39_aarch64.whl", hash = "sha256:c095b00f4d6bf578c0b2464bb4e264b351a99345374478570f69e2e679a2a1d0", size = 268691, upload-time = "2025-11-20T10:08:55.639Z" },
    { url = "https://files.pythonhosted.org/packages/cf/a6/8c65ee0fa5e172ebcca03246b1bc3bd96cdaf1d60537316648536b7072a5/shiboken6-6.10.1-cp39-abi3-win_amd64.whl", hash = "sha256:c1601d3cda1fa32779b141663873741b54e797cb0328458d7466281f117b0a4e", size = 1234704, upload-time = "2025-11-20T10:08:57.417Z" },
    { url = "https://files.pythonhosted.org/packages/7b/6a/c0fea2f2ac7d9d96618c98156500683a4d1f93fea0e8c5a2bc39913d7ef1/shiboken6-6.10.1-cp39-abi3-win_arm64.whl", hash = "sha256:5cf800917008587b551005a45add2d485cca66f5f7ecd5b320e9954e40448cc9", size = 1795567, upload-time = "2025-11-20T10:08:59.184Z" },
]
