packages:
  - name: codegen
    package: dbt-labs/codegen
    version: 0.11.0
  - name: dbt_expectations
    package: calogica/dbt_expectations
    version: 0.10.0
  - name: dbt_profiler
    package: data-mie/dbt_profiler
    version: 0.8.1
  - local: ../../../nesso_macros
    name: nesso_macros
  - name: dbt_utils
    package: dbt-labs/dbt_utils
    version: 1.3.3
  - name: dbt_date
    package: calogica/dbt_date
    version: 0.10.1
sha1_hash: 5c14fd53189d9db81cae48f4d233de4e0cc288d3
