# This file is automatically @generated by Poetry 2.1.3 and should not be changed by hand.

[[package]]
name = "bclearer-core"
version = "0.1.4"
description = ""
optional = false
python-versions = "<4.0,>=3.12"
groups = ["dev"]
files = [
    {file = "bclearer_core-0.1.4-py3-none-any.whl", hash = "sha256:5f8c0141f6921dccfff386b44de6328f8fb56c634c34192c7ba9db7faeee4326"},
    {file = "bclearer_core-0.1.4.tar.gz", hash = "sha256:c4f7d094aafa735b987d03331d9e5bbb85b566788daeb07413d1be8f53e0797b"},
]

[[package]]
name = "bclearer-orchestration-services"
version = "0.2.3"
description = ""
optional = false
python-versions = "<4.0,>=3.10"
groups = ["main", "dev"]
files = [
    {file = "bclearer_orchestration_services-0.2.3-py3-none-any.whl", hash = "sha256:dc57e92edb759f4a2596fa3e35b43b7f47ea240029cae1ca20575431c1bb6a73"},
    {file = "bclearer_orchestration_services-0.2.3.tar.gz", hash = "sha256:ecdec9af68f5d2d75a191de84c9bc62f64683584fbe7bab8ca83fb1c239256bf"},
]

[[package]]
name = "cozo-embedded"
version = "0.7.6"
description = "Cozo database for python"
optional = false
python-versions = ">=3.7"
groups = ["main"]
files = [
    {file = "cozo_embedded-0.7.6-cp37-abi3-macosx_10_14_x86_64.whl", hash = "sha256:d146e76736beb5e14e0cf73dc8babefadfbbc358b325c94c64a51b6d5b0031e9"},
    {file = "cozo_embedded-0.7.6-cp37-abi3-macosx_11_0_arm64.whl", hash = "sha256:7341fa266369181bbc19ad9e68820b51900b0fe1c947318a3d860b570dca6e09"},
    {file = "cozo_embedded-0.7.6-cp37-abi3-manylinux_2_17_aarch64.manylinux2014_aarch64.whl", hash = "sha256:80de79554138628967d4fd2636fc0a0a8dcca1c0c3bb527e638f1ee6cb763d7d"},
    {file = "cozo_embedded-0.7.6-cp37-abi3-manylinux_2_17_x86_64.manylinux2014_x86_64.whl", hash = "sha256:7571f6521041c13b7e9ca8ab8809cf9c8eaad929726ed6190ffc25a5a3ab57a7"},
    {file = "cozo_embedded-0.7.6-cp37-abi3-win_amd64.whl", hash = "sha256:c945ab7b350d0b79d3e643b68ebc8343fc02d223a02ab929eb0fb8e4e0df3542"},
]

[[package]]
name = "pycozo"
version = "0.7.6"
description = "Python client for the Cozo database"
optional = false
python-versions = "*"
groups = ["main"]
files = [
    {file = "pycozo-0.7.6-py3-none-any.whl", hash = "sha256:8930de5f82277d6481998a585c79aa898991cfb0692e168bde8b0a4558d579cf"},
    {file = "pycozo-0.7.6.tar.gz", hash = "sha256:e4be9a091ba71e9d4465179bbf7557d47af84c8114d4889bd5fa13c731d57a95"},
]

[package.extras]
client = ["requests"]
embedded = ["cozo-embedded (==0.7.6)"]
pandas = ["ipython", "pandas"]

[metadata]
lock-version = "2.1"
python-versions = "^3.12"
content-hash = "14709c9c769feaa6fec9473e5ea92acad4e2022a5c1955b8d7b00c7b49e8481e"
