<?xml version="1.0" encoding="utf-8"?>
<Project ToolsVersion="17.0" xmlns="http://schemas.microsoft.com/developer/msbuild/2003">
  <ItemGroup>
    <CustomBuild Include="C:\TeamCity\work\938b0bdf6727d1ad\build\temp.win-amd64-cpython-312\Release\CMakeFiles\7304ecd963c3cc19e93fd7e8d9530759\INSTALL_force.rule">
      <Filter>CMake Rules</Filter>
    </CustomBuild>
  </ItemGroup>
  <ItemGroup>
    <Filter Include="CMake Rules">
      <UniqueIdentifier>{30F13779-5AC8-375F-93DF-88148475CF18}</UniqueIdentifier>
    </Filter>
  </ItemGroup>
</Project>
