
Microsoft Visual Studio Solution File, Format Version 12.00
# Visual Studio Version 17
Project("{2150E333-8FDC-42A3-9474-1A3956D46DE8}") = "CMakePredefinedTargets", "CMakePredefinedTargets", "{981CFDCC-031B-3434-8B4A-5ED204AA5123}"
EndProject
Project("{2150E333-8FDC-42A3-9474-1A3956D46DE8}") = "header", "header", "{97F49630-A389-3C61-A210-7D552923A9FA}"
EndProject
Project("{8BC9CEB8-8B4A-11D0-8D11-00A0C91BC942}") = "ALL_BUILD", "ALL_BUILD.vcxproj", "{9AADD1F3-129D-3AD0-A15B-961E685E2264}"
	ProjectSection(ProjectDependencies) = postProject
		{D3036CE3-FF83-34FF-B7BB-1FAE3BAD52DC} = {D3036CE3-FF83-34FF-B7BB-1FAE3BAD52DC}
	EndProjectSection
EndProject
Project("{8BC9CEB8-8B4A-11D0-8D11-00A0C91BC942}") = "INSTALL", "INSTALL.vcxproj", "{B9CD16B0-47F2-344F-9EB8-47637E82FB80}"
	ProjectSection(ProjectDependencies) = postProject
		{9AADD1F3-129D-3AD0-A15B-961E685E2264} = {9AADD1F3-129D-3AD0-A15B-961E685E2264}
		{D3036CE3-FF83-34FF-B7BB-1FAE3BAD52DC} = {D3036CE3-FF83-34FF-B7BB-1FAE3BAD52DC}
	EndProjectSection
EndProject
Project("{8BC9CEB8-8B4A-11D0-8D11-00A0C91BC942}") = "ZERO_CHECK", "C:\TeamCity\work\938b0bdf6727d1ad\build\temp.win32-cpython-39\Release\ZERO_CHECK.vcxproj", "{D3036CE3-FF83-34FF-B7BB-1FAE3BAD52DC}"
	ProjectSection(ProjectDependencies) = postProject
	EndProjectSection
EndProject
Project("{8BC9CEB8-8B4A-11D0-8D11-00A0C91BC942}") = "range.v3.headers", "range.v3.headers.vcxproj", "{29B55E5F-1BE1-376C-977E-591281969063}"
	ProjectSection(ProjectDependencies) = postProject
		{D3036CE3-FF83-34FF-B7BB-1FAE3BAD52DC} = {D3036CE3-FF83-34FF-B7BB-1FAE3BAD52DC}
	EndProjectSection
EndProject
Global
	GlobalSection(SolutionConfigurationPlatforms) = preSolution
		Debug|Win32 = Debug|Win32
		Release|Win32 = Release|Win32
		MinSizeRel|Win32 = MinSizeRel|Win32
		RelWithDebInfo|Win32 = RelWithDebInfo|Win32
	EndGlobalSection
	GlobalSection(ProjectConfigurationPlatforms) = postSolution
		{9AADD1F3-129D-3AD0-A15B-961E685E2264}.Debug|Win32.ActiveCfg = Debug|Win32
		{9AADD1F3-129D-3AD0-A15B-961E685E2264}.Debug|Win32.Build.0 = Debug|Win32
		{9AADD1F3-129D-3AD0-A15B-961E685E2264}.Release|Win32.ActiveCfg = Release|Win32
		{9AADD1F3-129D-3AD0-A15B-961E685E2264}.Release|Win32.Build.0 = Release|Win32
		{9AADD1F3-129D-3AD0-A15B-961E685E2264}.MinSizeRel|Win32.ActiveCfg = MinSizeRel|Win32
		{9AADD1F3-129D-3AD0-A15B-961E685E2264}.MinSizeRel|Win32.Build.0 = MinSizeRel|Win32
		{9AADD1F3-129D-3AD0-A15B-961E685E2264}.RelWithDebInfo|Win32.ActiveCfg = RelWithDebInfo|Win32
		{9AADD1F3-129D-3AD0-A15B-961E685E2264}.RelWithDebInfo|Win32.Build.0 = RelWithDebInfo|Win32
		{B9CD16B0-47F2-344F-9EB8-47637E82FB80}.Debug|Win32.ActiveCfg = Debug|Win32
		{B9CD16B0-47F2-344F-9EB8-47637E82FB80}.Release|Win32.ActiveCfg = Release|Win32
		{B9CD16B0-47F2-344F-9EB8-47637E82FB80}.MinSizeRel|Win32.ActiveCfg = MinSizeRel|Win32
		{B9CD16B0-47F2-344F-9EB8-47637E82FB80}.RelWithDebInfo|Win32.ActiveCfg = RelWithDebInfo|Win32
		{D3036CE3-FF83-34FF-B7BB-1FAE3BAD52DC}.Debug|Win32.ActiveCfg = Debug|Win32
		{D3036CE3-FF83-34FF-B7BB-1FAE3BAD52DC}.Debug|Win32.Build.0 = Debug|Win32
		{D3036CE3-FF83-34FF-B7BB-1FAE3BAD52DC}.Release|Win32.ActiveCfg = Release|Win32
		{D3036CE3-FF83-34FF-B7BB-1FAE3BAD52DC}.Release|Win32.Build.0 = Release|Win32
		{D3036CE3-FF83-34FF-B7BB-1FAE3BAD52DC}.MinSizeRel|Win32.ActiveCfg = MinSizeRel|Win32
		{D3036CE3-FF83-34FF-B7BB-1FAE3BAD52DC}.MinSizeRel|Win32.Build.0 = MinSizeRel|Win32
		{D3036CE3-FF83-34FF-B7BB-1FAE3BAD52DC}.RelWithDebInfo|Win32.ActiveCfg = RelWithDebInfo|Win32
		{D3036CE3-FF83-34FF-B7BB-1FAE3BAD52DC}.RelWithDebInfo|Win32.Build.0 = RelWithDebInfo|Win32
		{29B55E5F-1BE1-376C-977E-591281969063}.Debug|Win32.ActiveCfg = Debug|Win32
		{29B55E5F-1BE1-376C-977E-591281969063}.Release|Win32.ActiveCfg = Release|Win32
		{29B55E5F-1BE1-376C-977E-591281969063}.MinSizeRel|Win32.ActiveCfg = MinSizeRel|Win32
		{29B55E5F-1BE1-376C-977E-591281969063}.RelWithDebInfo|Win32.ActiveCfg = RelWithDebInfo|Win32
	EndGlobalSection
	GlobalSection(NestedProjects) = preSolution
		{9AADD1F3-129D-3AD0-A15B-961E685E2264} = {981CFDCC-031B-3434-8B4A-5ED204AA5123}
		{B9CD16B0-47F2-344F-9EB8-47637E82FB80} = {981CFDCC-031B-3434-8B4A-5ED204AA5123}
		{D3036CE3-FF83-34FF-B7BB-1FAE3BAD52DC} = {981CFDCC-031B-3434-8B4A-5ED204AA5123}
		{29B55E5F-1BE1-376C-977E-591281969063} = {97F49630-A389-3C61-A210-7D552923A9FA}
	EndGlobalSection
	GlobalSection(ExtensibilityGlobals) = postSolution
		SolutionGuid = {62AC0112-66CB-301C-8981-50781DDD5735}
	EndGlobalSection
	GlobalSection(ExtensibilityAddIns) = postSolution
	EndGlobalSection
EndGlobal
