<?xml version="1.0" encoding="utf-8"?>
<Project ToolsVersion="17.0" xmlns="http://schemas.microsoft.com/developer/msbuild/2003">
  <ItemGroup>
    <CustomBuild Include="C:\TeamCity\work\938b0bdf6727d1ad\build\temp.win-amd64-cpython-314\Release\CMakeFiles\5aa1dc09131c6be46755155798551b43\INSTALL_force.rule">
      <Filter>CMake Rules</Filter>
    </CustomBuild>
  </ItemGroup>
  <ItemGroup>
    <Filter Include="CMake Rules">
      <UniqueIdentifier>{26CB75AF-E85C-37C5-A2DD-82540FD47023}</UniqueIdentifier>
    </Filter>
  </ItemGroup>
</Project>
