<?xml version="1.0" encoding="utf-8"?>
<Project ToolsVersion="17.0" xmlns="http://schemas.microsoft.com/developer/msbuild/2003">
  <ItemGroup>
    <CustomBuild Include="C:\TeamCity\work\938b0bdf6727d1ad\thirdparty\range-v3\CMakeLists.txt" />
  </ItemGroup>
  <ItemGroup>
    <None Include="C:\TeamCity\work\938b0bdf6727d1ad\thirdparty\range-v3\include\concepts\compare.hpp">
      <Filter>Header Files</Filter>
    </None>
    <None Include="C:\TeamCity\work\938b0bdf6727d1ad\thirdparty\range-v3\include\concepts\concepts.hpp">
      <Filter>Header Files</Filter>
    </None>
    <None Include="C:\TeamCity\work\938b0bdf6727d1ad\thirdparty\range-v3\include\concepts\swap.hpp">
      <Filter>Header Files</Filter>
    </None>
    <None Include="C:\TeamCity\work\938b0bdf6727d1ad\thirdparty\range-v3\include\concepts\type_traits.hpp">
      <Filter>Header Files</Filter>
    </None>
    <None Include="C:\TeamCity\work\938b0bdf6727d1ad\thirdparty\range-v3\include\meta\meta.hpp">
      <Filter>Header Files</Filter>
    </None>
    <None Include="C:\TeamCity\work\938b0bdf6727d1ad\thirdparty\range-v3\include\meta\meta_fwd.hpp">
      <Filter>Header Files</Filter>
    </None>
    <None Include="C:\TeamCity\work\938b0bdf6727d1ad\thirdparty\range-v3\include\range\v3\action.hpp">
      <Filter>Header Files</Filter>
    </None>
    <None Include="C:\TeamCity\work\938b0bdf6727d1ad\thirdparty\range-v3\include\range\v3\action\action.hpp">
      <Filter>Header Files</Filter>
    </None>
    <None Include="C:\TeamCity\work\938b0bdf6727d1ad\thirdparty\range-v3\include\range\v3\action\adjacent_remove_if.hpp">
      <Filter>Header Files</Filter>
    </None>
    <None Include="C:\TeamCity\work\938b0bdf6727d1ad\thirdparty\range-v3\include\range\v3\action\concepts.hpp">
      <Filter>Header Files</Filter>
    </None>
    <None Include="C:\TeamCity\work\938b0bdf6727d1ad\thirdparty\range-v3\include\range\v3\action\drop.hpp">
      <Filter>Header Files</Filter>
    </None>
    <None Include="C:\TeamCity\work\938b0bdf6727d1ad\thirdparty\range-v3\include\range\v3\action\drop_while.hpp">
      <Filter>Header Files</Filter>
    </None>
    <None Include="C:\TeamCity\work\938b0bdf6727d1ad\thirdparty\range-v3\include\range\v3\action\erase.hpp">
      <Filter>Header Files</Filter>
    </None>
    <None Include="C:\TeamCity\work\938b0bdf6727d1ad\thirdparty\range-v3\include\range\v3\action\insert.hpp">
      <Filter>Header Files</Filter>
    </None>
    <None Include="C:\TeamCity\work\938b0bdf6727d1ad\thirdparty\range-v3\include\range\v3\action\join.hpp">
      <Filter>Header Files</Filter>
    </None>
    <None Include="C:\TeamCity\work\938b0bdf6727d1ad\thirdparty\range-v3\include\range\v3\action\push_back.hpp">
      <Filter>Header Files</Filter>
    </None>
    <None Include="C:\TeamCity\work\938b0bdf6727d1ad\thirdparty\range-v3\include\range\v3\action\push_front.hpp">
      <Filter>Header Files</Filter>
    </None>
    <None Include="C:\TeamCity\work\938b0bdf6727d1ad\thirdparty\range-v3\include\range\v3\action\remove.hpp">
      <Filter>Header Files</Filter>
    </None>
    <None Include="C:\TeamCity\work\938b0bdf6727d1ad\thirdparty\range-v3\include\range\v3\action\remove_if.hpp">
      <Filter>Header Files</Filter>
    </None>
    <None Include="C:\TeamCity\work\938b0bdf6727d1ad\thirdparty\range-v3\include\range\v3\action\reverse.hpp">
      <Filter>Header Files</Filter>
    </None>
    <None Include="C:\TeamCity\work\938b0bdf6727d1ad\thirdparty\range-v3\include\range\v3\action\shuffle.hpp">
      <Filter>Header Files</Filter>
    </None>
    <None Include="C:\TeamCity\work\938b0bdf6727d1ad\thirdparty\range-v3\include\range\v3\action\slice.hpp">
      <Filter>Header Files</Filter>
    </None>
    <None Include="C:\TeamCity\work\938b0bdf6727d1ad\thirdparty\range-v3\include\range\v3\action\sort.hpp">
      <Filter>Header Files</Filter>
    </None>
    <None Include="C:\TeamCity\work\938b0bdf6727d1ad\thirdparty\range-v3\include\range\v3\action\split.hpp">
      <Filter>Header Files</Filter>
    </None>
    <None Include="C:\TeamCity\work\938b0bdf6727d1ad\thirdparty\range-v3\include\range\v3\action\split_when.hpp">
      <Filter>Header Files</Filter>
    </None>
    <None Include="C:\TeamCity\work\938b0bdf6727d1ad\thirdparty\range-v3\include\range\v3\action\stable_sort.hpp">
      <Filter>Header Files</Filter>
    </None>
    <None Include="C:\TeamCity\work\938b0bdf6727d1ad\thirdparty\range-v3\include\range\v3\action\stride.hpp">
      <Filter>Header Files</Filter>
    </None>
    <None Include="C:\TeamCity\work\938b0bdf6727d1ad\thirdparty\range-v3\include\range\v3\action\take.hpp">
      <Filter>Header Files</Filter>
    </None>
    <None Include="C:\TeamCity\work\938b0bdf6727d1ad\thirdparty\range-v3\include\range\v3\action\take_while.hpp">
      <Filter>Header Files</Filter>
    </None>
    <None Include="C:\TeamCity\work\938b0bdf6727d1ad\thirdparty\range-v3\include\range\v3\action\transform.hpp">
      <Filter>Header Files</Filter>
    </None>
    <None Include="C:\TeamCity\work\938b0bdf6727d1ad\thirdparty\range-v3\include\range\v3\action\unique.hpp">
      <Filter>Header Files</Filter>
    </None>
    <None Include="C:\TeamCity\work\938b0bdf6727d1ad\thirdparty\range-v3\include\range\v3\action\unstable_remove_if.hpp">
      <Filter>Header Files</Filter>
    </None>
    <None Include="C:\TeamCity\work\938b0bdf6727d1ad\thirdparty\range-v3\include\range\v3\algorithm.hpp">
      <Filter>Header Files</Filter>
    </None>
    <None Include="C:\TeamCity\work\938b0bdf6727d1ad\thirdparty\range-v3\include\range\v3\algorithm\adjacent_find.hpp">
      <Filter>Header Files</Filter>
    </None>
    <None Include="C:\TeamCity\work\938b0bdf6727d1ad\thirdparty\range-v3\include\range\v3\algorithm\adjacent_remove_if.hpp">
      <Filter>Header Files</Filter>
    </None>
    <None Include="C:\TeamCity\work\938b0bdf6727d1ad\thirdparty\range-v3\include\range\v3\algorithm\all_of.hpp">
      <Filter>Header Files</Filter>
    </None>
    <None Include="C:\TeamCity\work\938b0bdf6727d1ad\thirdparty\range-v3\include\range\v3\algorithm\any_of.hpp">
      <Filter>Header Files</Filter>
    </None>
    <None Include="C:\TeamCity\work\938b0bdf6727d1ad\thirdparty\range-v3\include\range\v3\algorithm\aux_\equal_range_n.hpp">
      <Filter>Header Files</Filter>
    </None>
    <None Include="C:\TeamCity\work\938b0bdf6727d1ad\thirdparty\range-v3\include\range\v3\algorithm\aux_\lower_bound_n.hpp">
      <Filter>Header Files</Filter>
    </None>
    <None Include="C:\TeamCity\work\938b0bdf6727d1ad\thirdparty\range-v3\include\range\v3\algorithm\aux_\merge_n.hpp">
      <Filter>Header Files</Filter>
    </None>
    <None Include="C:\TeamCity\work\938b0bdf6727d1ad\thirdparty\range-v3\include\range\v3\algorithm\aux_\merge_n_with_buffer.hpp">
      <Filter>Header Files</Filter>
    </None>
    <None Include="C:\TeamCity\work\938b0bdf6727d1ad\thirdparty\range-v3\include\range\v3\algorithm\aux_\partition_point_n.hpp">
      <Filter>Header Files</Filter>
    </None>
    <None Include="C:\TeamCity\work\938b0bdf6727d1ad\thirdparty\range-v3\include\range\v3\algorithm\aux_\sort_n_with_buffer.hpp">
      <Filter>Header Files</Filter>
    </None>
    <None Include="C:\TeamCity\work\938b0bdf6727d1ad\thirdparty\range-v3\include\range\v3\algorithm\aux_\upper_bound_n.hpp">
      <Filter>Header Files</Filter>
    </None>
    <None Include="C:\TeamCity\work\938b0bdf6727d1ad\thirdparty\range-v3\include\range\v3\algorithm\binary_search.hpp">
      <Filter>Header Files</Filter>
    </None>
    <None Include="C:\TeamCity\work\938b0bdf6727d1ad\thirdparty\range-v3\include\range\v3\algorithm\contains.hpp">
      <Filter>Header Files</Filter>
    </None>
    <None Include="C:\TeamCity\work\938b0bdf6727d1ad\thirdparty\range-v3\include\range\v3\algorithm\copy.hpp">
      <Filter>Header Files</Filter>
    </None>
    <None Include="C:\TeamCity\work\938b0bdf6727d1ad\thirdparty\range-v3\include\range\v3\algorithm\copy_backward.hpp">
      <Filter>Header Files</Filter>
    </None>
    <None Include="C:\TeamCity\work\938b0bdf6727d1ad\thirdparty\range-v3\include\range\v3\algorithm\copy_if.hpp">
      <Filter>Header Files</Filter>
    </None>
    <None Include="C:\TeamCity\work\938b0bdf6727d1ad\thirdparty\range-v3\include\range\v3\algorithm\copy_n.hpp">
      <Filter>Header Files</Filter>
    </None>
    <None Include="C:\TeamCity\work\938b0bdf6727d1ad\thirdparty\range-v3\include\range\v3\algorithm\count.hpp">
      <Filter>Header Files</Filter>
    </None>
    <None Include="C:\TeamCity\work\938b0bdf6727d1ad\thirdparty\range-v3\include\range\v3\algorithm\count_if.hpp">
      <Filter>Header Files</Filter>
    </None>
    <None Include="C:\TeamCity\work\938b0bdf6727d1ad\thirdparty\range-v3\include\range\v3\algorithm\ends_with.hpp">
      <Filter>Header Files</Filter>
    </None>
    <None Include="C:\TeamCity\work\938b0bdf6727d1ad\thirdparty\range-v3\include\range\v3\algorithm\equal.hpp">
      <Filter>Header Files</Filter>
    </None>
    <None Include="C:\TeamCity\work\938b0bdf6727d1ad\thirdparty\range-v3\include\range\v3\algorithm\equal_range.hpp">
      <Filter>Header Files</Filter>
    </None>
    <None Include="C:\TeamCity\work\938b0bdf6727d1ad\thirdparty\range-v3\include\range\v3\algorithm\fill.hpp">
      <Filter>Header Files</Filter>
    </None>
    <None Include="C:\TeamCity\work\938b0bdf6727d1ad\thirdparty\range-v3\include\range\v3\algorithm\fill_n.hpp">
      <Filter>Header Files</Filter>
    </None>
    <None Include="C:\TeamCity\work\938b0bdf6727d1ad\thirdparty\range-v3\include\range\v3\algorithm\find.hpp">
      <Filter>Header Files</Filter>
    </None>
    <None Include="C:\TeamCity\work\938b0bdf6727d1ad\thirdparty\range-v3\include\range\v3\algorithm\find_end.hpp">
      <Filter>Header Files</Filter>
    </None>
    <None Include="C:\TeamCity\work\938b0bdf6727d1ad\thirdparty\range-v3\include\range\v3\algorithm\find_first_of.hpp">
      <Filter>Header Files</Filter>
    </None>
    <None Include="C:\TeamCity\work\938b0bdf6727d1ad\thirdparty\range-v3\include\range\v3\algorithm\find_if.hpp">
      <Filter>Header Files</Filter>
    </None>
    <None Include="C:\TeamCity\work\938b0bdf6727d1ad\thirdparty\range-v3\include\range\v3\algorithm\find_if_not.hpp">
      <Filter>Header Files</Filter>
    </None>
    <None Include="C:\TeamCity\work\938b0bdf6727d1ad\thirdparty\range-v3\include\range\v3\algorithm\for_each.hpp">
      <Filter>Header Files</Filter>
    </None>
    <None Include="C:\TeamCity\work\938b0bdf6727d1ad\thirdparty\range-v3\include\range\v3\algorithm\for_each_n.hpp">
      <Filter>Header Files</Filter>
    </None>
    <None Include="C:\TeamCity\work\938b0bdf6727d1ad\thirdparty\range-v3\include\range\v3\algorithm\generate.hpp">
      <Filter>Header Files</Filter>
    </None>
    <None Include="C:\TeamCity\work\938b0bdf6727d1ad\thirdparty\range-v3\include\range\v3\algorithm\generate_n.hpp">
      <Filter>Header Files</Filter>
    </None>
    <None Include="C:\TeamCity\work\938b0bdf6727d1ad\thirdparty\range-v3\include\range\v3\algorithm\heap_algorithm.hpp">
      <Filter>Header Files</Filter>
    </None>
    <None Include="C:\TeamCity\work\938b0bdf6727d1ad\thirdparty\range-v3\include\range\v3\algorithm\inplace_merge.hpp">
      <Filter>Header Files</Filter>
    </None>
    <None Include="C:\TeamCity\work\938b0bdf6727d1ad\thirdparty\range-v3\include\range\v3\algorithm\is_partitioned.hpp">
      <Filter>Header Files</Filter>
    </None>
    <None Include="C:\TeamCity\work\938b0bdf6727d1ad\thirdparty\range-v3\include\range\v3\algorithm\is_sorted.hpp">
      <Filter>Header Files</Filter>
    </None>
    <None Include="C:\TeamCity\work\938b0bdf6727d1ad\thirdparty\range-v3\include\range\v3\algorithm\is_sorted_until.hpp">
      <Filter>Header Files</Filter>
    </None>
    <None Include="C:\TeamCity\work\938b0bdf6727d1ad\thirdparty\range-v3\include\range\v3\algorithm\lexicographical_compare.hpp">
      <Filter>Header Files</Filter>
    </None>
    <None Include="C:\TeamCity\work\938b0bdf6727d1ad\thirdparty\range-v3\include\range\v3\algorithm\lower_bound.hpp">
      <Filter>Header Files</Filter>
    </None>
    <None Include="C:\TeamCity\work\938b0bdf6727d1ad\thirdparty\range-v3\include\range\v3\algorithm\max.hpp">
      <Filter>Header Files</Filter>
    </None>
    <None Include="C:\TeamCity\work\938b0bdf6727d1ad\thirdparty\range-v3\include\range\v3\algorithm\max_element.hpp">
      <Filter>Header Files</Filter>
    </None>
    <None Include="C:\TeamCity\work\938b0bdf6727d1ad\thirdparty\range-v3\include\range\v3\algorithm\merge.hpp">
      <Filter>Header Files</Filter>
    </None>
    <None Include="C:\TeamCity\work\938b0bdf6727d1ad\thirdparty\range-v3\include\range\v3\algorithm\min.hpp">
      <Filter>Header Files</Filter>
    </None>
    <None Include="C:\TeamCity\work\938b0bdf6727d1ad\thirdparty\range-v3\include\range\v3\algorithm\min_element.hpp">
      <Filter>Header Files</Filter>
    </None>
    <None Include="C:\TeamCity\work\938b0bdf6727d1ad\thirdparty\range-v3\include\range\v3\algorithm\minmax.hpp">
      <Filter>Header Files</Filter>
    </None>
    <None Include="C:\TeamCity\work\938b0bdf6727d1ad\thirdparty\range-v3\include\range\v3\algorithm\minmax_element.hpp">
      <Filter>Header Files</Filter>
    </None>
    <None Include="C:\TeamCity\work\938b0bdf6727d1ad\thirdparty\range-v3\include\range\v3\algorithm\mismatch.hpp">
      <Filter>Header Files</Filter>
    </None>
    <None Include="C:\TeamCity\work\938b0bdf6727d1ad\thirdparty\range-v3\include\range\v3\algorithm\move.hpp">
      <Filter>Header Files</Filter>
    </None>
    <None Include="C:\TeamCity\work\938b0bdf6727d1ad\thirdparty\range-v3\include\range\v3\algorithm\move_backward.hpp">
      <Filter>Header Files</Filter>
    </None>
    <None Include="C:\TeamCity\work\938b0bdf6727d1ad\thirdparty\range-v3\include\range\v3\algorithm\none_of.hpp">
      <Filter>Header Files</Filter>
    </None>
    <None Include="C:\TeamCity\work\938b0bdf6727d1ad\thirdparty\range-v3\include\range\v3\algorithm\nth_element.hpp">
      <Filter>Header Files</Filter>
    </None>
    <None Include="C:\TeamCity\work\938b0bdf6727d1ad\thirdparty\range-v3\include\range\v3\algorithm\partial_sort.hpp">
      <Filter>Header Files</Filter>
    </None>
    <None Include="C:\TeamCity\work\938b0bdf6727d1ad\thirdparty\range-v3\include\range\v3\algorithm\partial_sort_copy.hpp">
      <Filter>Header Files</Filter>
    </None>
    <None Include="C:\TeamCity\work\938b0bdf6727d1ad\thirdparty\range-v3\include\range\v3\algorithm\partition.hpp">
      <Filter>Header Files</Filter>
    </None>
    <None Include="C:\TeamCity\work\938b0bdf6727d1ad\thirdparty\range-v3\include\range\v3\algorithm\partition_copy.hpp">
      <Filter>Header Files</Filter>
    </None>
    <None Include="C:\TeamCity\work\938b0bdf6727d1ad\thirdparty\range-v3\include\range\v3\algorithm\partition_point.hpp">
      <Filter>Header Files</Filter>
    </None>
    <None Include="C:\TeamCity\work\938b0bdf6727d1ad\thirdparty\range-v3\include\range\v3\algorithm\permutation.hpp">
      <Filter>Header Files</Filter>
    </None>
    <None Include="C:\TeamCity\work\938b0bdf6727d1ad\thirdparty\range-v3\include\range\v3\algorithm\remove.hpp">
      <Filter>Header Files</Filter>
    </None>
    <None Include="C:\TeamCity\work\938b0bdf6727d1ad\thirdparty\range-v3\include\range\v3\algorithm\remove_copy.hpp">
      <Filter>Header Files</Filter>
    </None>
    <None Include="C:\TeamCity\work\938b0bdf6727d1ad\thirdparty\range-v3\include\range\v3\algorithm\remove_copy_if.hpp">
      <Filter>Header Files</Filter>
    </None>
    <None Include="C:\TeamCity\work\938b0bdf6727d1ad\thirdparty\range-v3\include\range\v3\algorithm\remove_if.hpp">
      <Filter>Header Files</Filter>
    </None>
    <None Include="C:\TeamCity\work\938b0bdf6727d1ad\thirdparty\range-v3\include\range\v3\algorithm\replace.hpp">
      <Filter>Header Files</Filter>
    </None>
    <None Include="C:\TeamCity\work\938b0bdf6727d1ad\thirdparty\range-v3\include\range\v3\algorithm\replace_copy.hpp">
      <Filter>Header Files</Filter>
    </None>
    <None Include="C:\TeamCity\work\938b0bdf6727d1ad\thirdparty\range-v3\include\range\v3\algorithm\replace_copy_if.hpp">
      <Filter>Header Files</Filter>
    </None>
    <None Include="C:\TeamCity\work\938b0bdf6727d1ad\thirdparty\range-v3\include\range\v3\algorithm\replace_if.hpp">
      <Filter>Header Files</Filter>
    </None>
    <None Include="C:\TeamCity\work\938b0bdf6727d1ad\thirdparty\range-v3\include\range\v3\algorithm\result_types.hpp">
      <Filter>Header Files</Filter>
    </None>
    <None Include="C:\TeamCity\work\938b0bdf6727d1ad\thirdparty\range-v3\include\range\v3\algorithm\reverse.hpp">
      <Filter>Header Files</Filter>
    </None>
    <None Include="C:\TeamCity\work\938b0bdf6727d1ad\thirdparty\range-v3\include\range\v3\algorithm\reverse_copy.hpp">
      <Filter>Header Files</Filter>
    </None>
    <None Include="C:\TeamCity\work\938b0bdf6727d1ad\thirdparty\range-v3\include\range\v3\algorithm\rotate.hpp">
      <Filter>Header Files</Filter>
    </None>
    <None Include="C:\TeamCity\work\938b0bdf6727d1ad\thirdparty\range-v3\include\range\v3\algorithm\rotate_copy.hpp">
      <Filter>Header Files</Filter>
    </None>
    <None Include="C:\TeamCity\work\938b0bdf6727d1ad\thirdparty\range-v3\include\range\v3\algorithm\sample.hpp">
      <Filter>Header Files</Filter>
    </None>
    <None Include="C:\TeamCity\work\938b0bdf6727d1ad\thirdparty\range-v3\include\range\v3\algorithm\search.hpp">
      <Filter>Header Files</Filter>
    </None>
    <None Include="C:\TeamCity\work\938b0bdf6727d1ad\thirdparty\range-v3\include\range\v3\algorithm\search_n.hpp">
      <Filter>Header Files</Filter>
    </None>
    <None Include="C:\TeamCity\work\938b0bdf6727d1ad\thirdparty\range-v3\include\range\v3\algorithm\set_algorithm.hpp">
      <Filter>Header Files</Filter>
    </None>
    <None Include="C:\TeamCity\work\938b0bdf6727d1ad\thirdparty\range-v3\include\range\v3\algorithm\shuffle.hpp">
      <Filter>Header Files</Filter>
    </None>
    <None Include="C:\TeamCity\work\938b0bdf6727d1ad\thirdparty\range-v3\include\range\v3\algorithm\sort.hpp">
      <Filter>Header Files</Filter>
    </None>
    <None Include="C:\TeamCity\work\938b0bdf6727d1ad\thirdparty\range-v3\include\range\v3\algorithm\stable_partition.hpp">
      <Filter>Header Files</Filter>
    </None>
    <None Include="C:\TeamCity\work\938b0bdf6727d1ad\thirdparty\range-v3\include\range\v3\algorithm\stable_sort.hpp">
      <Filter>Header Files</Filter>
    </None>
    <None Include="C:\TeamCity\work\938b0bdf6727d1ad\thirdparty\range-v3\include\range\v3\algorithm\starts_with.hpp">
      <Filter>Header Files</Filter>
    </None>
    <None Include="C:\TeamCity\work\938b0bdf6727d1ad\thirdparty\range-v3\include\range\v3\algorithm\swap_ranges.hpp">
      <Filter>Header Files</Filter>
    </None>
    <None Include="C:\TeamCity\work\938b0bdf6727d1ad\thirdparty\range-v3\include\range\v3\algorithm\tagspec.hpp">
      <Filter>Header Files</Filter>
    </None>
    <None Include="C:\TeamCity\work\938b0bdf6727d1ad\thirdparty\range-v3\include\range\v3\algorithm\transform.hpp">
      <Filter>Header Files</Filter>
    </None>
    <None Include="C:\TeamCity\work\938b0bdf6727d1ad\thirdparty\range-v3\include\range\v3\algorithm\unique.hpp">
      <Filter>Header Files</Filter>
    </None>
    <None Include="C:\TeamCity\work\938b0bdf6727d1ad\thirdparty\range-v3\include\range\v3\algorithm\unique_copy.hpp">
      <Filter>Header Files</Filter>
    </None>
    <None Include="C:\TeamCity\work\938b0bdf6727d1ad\thirdparty\range-v3\include\range\v3\algorithm\unstable_remove_if.hpp">
      <Filter>Header Files</Filter>
    </None>
    <None Include="C:\TeamCity\work\938b0bdf6727d1ad\thirdparty\range-v3\include\range\v3\algorithm\upper_bound.hpp">
      <Filter>Header Files</Filter>
    </None>
    <None Include="C:\TeamCity\work\938b0bdf6727d1ad\thirdparty\range-v3\include\range\v3\all.hpp">
      <Filter>Header Files</Filter>
    </None>
    <None Include="C:\TeamCity\work\938b0bdf6727d1ad\thirdparty\range-v3\include\range\v3\at.hpp">
      <Filter>Header Files</Filter>
    </None>
    <None Include="C:\TeamCity\work\938b0bdf6727d1ad\thirdparty\range-v3\include\range\v3\back.hpp">
      <Filter>Header Files</Filter>
    </None>
    <None Include="C:\TeamCity\work\938b0bdf6727d1ad\thirdparty\range-v3\include\range\v3\begin_end.hpp">
      <Filter>Header Files</Filter>
    </None>
    <None Include="C:\TeamCity\work\938b0bdf6727d1ad\thirdparty\range-v3\include\range\v3\compare.hpp">
      <Filter>Header Files</Filter>
    </None>
    <None Include="C:\TeamCity\work\938b0bdf6727d1ad\thirdparty\range-v3\include\range\v3\core.hpp">
      <Filter>Header Files</Filter>
    </None>
    <None Include="C:\TeamCity\work\938b0bdf6727d1ad\thirdparty\range-v3\include\range\v3\data.hpp">
      <Filter>Header Files</Filter>
    </None>
    <None Include="C:\TeamCity\work\938b0bdf6727d1ad\thirdparty\range-v3\include\range\v3\detail\adl_get.hpp">
      <Filter>Header Files</Filter>
    </None>
    <None Include="C:\TeamCity\work\938b0bdf6727d1ad\thirdparty\range-v3\include\range\v3\detail\config.hpp">
      <Filter>Header Files</Filter>
    </None>
    <None Include="C:\TeamCity\work\938b0bdf6727d1ad\thirdparty\range-v3\include\range\v3\detail\epilogue.hpp">
      <Filter>Header Files</Filter>
    </None>
    <None Include="C:\TeamCity\work\938b0bdf6727d1ad\thirdparty\range-v3\include\range\v3\detail\prologue.hpp">
      <Filter>Header Files</Filter>
    </None>
    <None Include="C:\TeamCity\work\938b0bdf6727d1ad\thirdparty\range-v3\include\range\v3\detail\range_access.hpp">
      <Filter>Header Files</Filter>
    </None>
    <None Include="C:\TeamCity\work\938b0bdf6727d1ad\thirdparty\range-v3\include\range\v3\detail\satisfy_boost_range.hpp">
      <Filter>Header Files</Filter>
    </None>
    <None Include="C:\TeamCity\work\938b0bdf6727d1ad\thirdparty\range-v3\include\range\v3\detail\variant.hpp">
      <Filter>Header Files</Filter>
    </None>
    <None Include="C:\TeamCity\work\938b0bdf6727d1ad\thirdparty\range-v3\include\range\v3\detail\with_braced_init_args.hpp">
      <Filter>Header Files</Filter>
    </None>
    <None Include="C:\TeamCity\work\938b0bdf6727d1ad\thirdparty\range-v3\include\range\v3\distance.hpp">
      <Filter>Header Files</Filter>
    </None>
    <None Include="C:\TeamCity\work\938b0bdf6727d1ad\thirdparty\range-v3\include\range\v3\empty.hpp">
      <Filter>Header Files</Filter>
    </None>
    <None Include="C:\TeamCity\work\938b0bdf6727d1ad\thirdparty\range-v3\include\range\v3\experimental\utility\generator.hpp">
      <Filter>Header Files</Filter>
    </None>
    <None Include="C:\TeamCity\work\938b0bdf6727d1ad\thirdparty\range-v3\include\range\v3\experimental\view\shared.hpp">
      <Filter>Header Files</Filter>
    </None>
    <None Include="C:\TeamCity\work\938b0bdf6727d1ad\thirdparty\range-v3\include\range\v3\front.hpp">
      <Filter>Header Files</Filter>
    </None>
    <None Include="C:\TeamCity\work\938b0bdf6727d1ad\thirdparty\range-v3\include\range\v3\functional.hpp">
      <Filter>Header Files</Filter>
    </None>
    <None Include="C:\TeamCity\work\938b0bdf6727d1ad\thirdparty\range-v3\include\range\v3\functional\arithmetic.hpp">
      <Filter>Header Files</Filter>
    </None>
    <None Include="C:\TeamCity\work\938b0bdf6727d1ad\thirdparty\range-v3\include\range\v3\functional\bind.hpp">
      <Filter>Header Files</Filter>
    </None>
    <None Include="C:\TeamCity\work\938b0bdf6727d1ad\thirdparty\range-v3\include\range\v3\functional\bind_back.hpp">
      <Filter>Header Files</Filter>
    </None>
    <None Include="C:\TeamCity\work\938b0bdf6727d1ad\thirdparty\range-v3\include\range\v3\functional\comparisons.hpp">
      <Filter>Header Files</Filter>
    </None>
    <None Include="C:\TeamCity\work\938b0bdf6727d1ad\thirdparty\range-v3\include\range\v3\functional\compose.hpp">
      <Filter>Header Files</Filter>
    </None>
    <None Include="C:\TeamCity\work\938b0bdf6727d1ad\thirdparty\range-v3\include\range\v3\functional\concepts.hpp">
      <Filter>Header Files</Filter>
    </None>
    <None Include="C:\TeamCity\work\938b0bdf6727d1ad\thirdparty\range-v3\include\range\v3\functional\identity.hpp">
      <Filter>Header Files</Filter>
    </None>
    <None Include="C:\TeamCity\work\938b0bdf6727d1ad\thirdparty\range-v3\include\range\v3\functional\indirect.hpp">
      <Filter>Header Files</Filter>
    </None>
    <None Include="C:\TeamCity\work\938b0bdf6727d1ad\thirdparty\range-v3\include\range\v3\functional\invoke.hpp">
      <Filter>Header Files</Filter>
    </None>
    <None Include="C:\TeamCity\work\938b0bdf6727d1ad\thirdparty\range-v3\include\range\v3\functional\not_fn.hpp">
      <Filter>Header Files</Filter>
    </None>
    <None Include="C:\TeamCity\work\938b0bdf6727d1ad\thirdparty\range-v3\include\range\v3\functional\on.hpp">
      <Filter>Header Files</Filter>
    </None>
    <None Include="C:\TeamCity\work\938b0bdf6727d1ad\thirdparty\range-v3\include\range\v3\functional\overload.hpp">
      <Filter>Header Files</Filter>
    </None>
    <None Include="C:\TeamCity\work\938b0bdf6727d1ad\thirdparty\range-v3\include\range\v3\functional\pipeable.hpp">
      <Filter>Header Files</Filter>
    </None>
    <None Include="C:\TeamCity\work\938b0bdf6727d1ad\thirdparty\range-v3\include\range\v3\functional\reference_wrapper.hpp">
      <Filter>Header Files</Filter>
    </None>
    <None Include="C:\TeamCity\work\938b0bdf6727d1ad\thirdparty\range-v3\include\range\v3\getlines.hpp">
      <Filter>Header Files</Filter>
    </None>
    <None Include="C:\TeamCity\work\938b0bdf6727d1ad\thirdparty\range-v3\include\range\v3\index.hpp">
      <Filter>Header Files</Filter>
    </None>
    <None Include="C:\TeamCity\work\938b0bdf6727d1ad\thirdparty\range-v3\include\range\v3\istream_range.hpp">
      <Filter>Header Files</Filter>
    </None>
    <None Include="C:\TeamCity\work\938b0bdf6727d1ad\thirdparty\range-v3\include\range\v3\iterator.hpp">
      <Filter>Header Files</Filter>
    </None>
    <None Include="C:\TeamCity\work\938b0bdf6727d1ad\thirdparty\range-v3\include\range\v3\iterator\access.hpp">
      <Filter>Header Files</Filter>
    </None>
    <None Include="C:\TeamCity\work\938b0bdf6727d1ad\thirdparty\range-v3\include\range\v3\iterator\basic_iterator.hpp">
      <Filter>Header Files</Filter>
    </None>
    <None Include="C:\TeamCity\work\938b0bdf6727d1ad\thirdparty\range-v3\include\range\v3\iterator\common_iterator.hpp">
      <Filter>Header Files</Filter>
    </None>
    <None Include="C:\TeamCity\work\938b0bdf6727d1ad\thirdparty\range-v3\include\range\v3\iterator\concepts.hpp">
      <Filter>Header Files</Filter>
    </None>
    <None Include="C:\TeamCity\work\938b0bdf6727d1ad\thirdparty\range-v3\include\range\v3\iterator\counted_iterator.hpp">
      <Filter>Header Files</Filter>
    </None>
    <None Include="C:\TeamCity\work\938b0bdf6727d1ad\thirdparty\range-v3\include\range\v3\iterator\default_sentinel.hpp">
      <Filter>Header Files</Filter>
    </None>
    <None Include="C:\TeamCity\work\938b0bdf6727d1ad\thirdparty\range-v3\include\range\v3\iterator\diffmax_t.hpp">
      <Filter>Header Files</Filter>
    </None>
    <None Include="C:\TeamCity\work\938b0bdf6727d1ad\thirdparty\range-v3\include\range\v3\iterator\insert_iterators.hpp">
      <Filter>Header Files</Filter>
    </None>
    <None Include="C:\TeamCity\work\938b0bdf6727d1ad\thirdparty\range-v3\include\range\v3\iterator\move_iterators.hpp">
      <Filter>Header Files</Filter>
    </None>
    <None Include="C:\TeamCity\work\938b0bdf6727d1ad\thirdparty\range-v3\include\range\v3\iterator\operations.hpp">
      <Filter>Header Files</Filter>
    </None>
    <None Include="C:\TeamCity\work\938b0bdf6727d1ad\thirdparty\range-v3\include\range\v3\iterator\reverse_iterator.hpp">
      <Filter>Header Files</Filter>
    </None>
    <None Include="C:\TeamCity\work\938b0bdf6727d1ad\thirdparty\range-v3\include\range\v3\iterator\stream_iterators.hpp">
      <Filter>Header Files</Filter>
    </None>
    <None Include="C:\TeamCity\work\938b0bdf6727d1ad\thirdparty\range-v3\include\range\v3\iterator\traits.hpp">
      <Filter>Header Files</Filter>
    </None>
    <None Include="C:\TeamCity\work\938b0bdf6727d1ad\thirdparty\range-v3\include\range\v3\iterator\unreachable_sentinel.hpp">
      <Filter>Header Files</Filter>
    </None>
    <None Include="C:\TeamCity\work\938b0bdf6727d1ad\thirdparty\range-v3\include\range\v3\iterator_range.hpp">
      <Filter>Header Files</Filter>
    </None>
    <None Include="C:\TeamCity\work\938b0bdf6727d1ad\thirdparty\range-v3\include\range\v3\numeric.hpp">
      <Filter>Header Files</Filter>
    </None>
    <None Include="C:\TeamCity\work\938b0bdf6727d1ad\thirdparty\range-v3\include\range\v3\numeric\accumulate.hpp">
      <Filter>Header Files</Filter>
    </None>
    <None Include="C:\TeamCity\work\938b0bdf6727d1ad\thirdparty\range-v3\include\range\v3\numeric\adjacent_difference.hpp">
      <Filter>Header Files</Filter>
    </None>
    <None Include="C:\TeamCity\work\938b0bdf6727d1ad\thirdparty\range-v3\include\range\v3\numeric\inner_product.hpp">
      <Filter>Header Files</Filter>
    </None>
    <None Include="C:\TeamCity\work\938b0bdf6727d1ad\thirdparty\range-v3\include\range\v3\numeric\iota.hpp">
      <Filter>Header Files</Filter>
    </None>
    <None Include="C:\TeamCity\work\938b0bdf6727d1ad\thirdparty\range-v3\include\range\v3\numeric\partial_sum.hpp">
      <Filter>Header Files</Filter>
    </None>
    <None Include="C:\TeamCity\work\938b0bdf6727d1ad\thirdparty\range-v3\include\range\v3\range.hpp">
      <Filter>Header Files</Filter>
    </None>
    <None Include="C:\TeamCity\work\938b0bdf6727d1ad\thirdparty\range-v3\include\range\v3\range\access.hpp">
      <Filter>Header Files</Filter>
    </None>
    <None Include="C:\TeamCity\work\938b0bdf6727d1ad\thirdparty\range-v3\include\range\v3\range\concepts.hpp">
      <Filter>Header Files</Filter>
    </None>
    <None Include="C:\TeamCity\work\938b0bdf6727d1ad\thirdparty\range-v3\include\range\v3\range\conversion.hpp">
      <Filter>Header Files</Filter>
    </None>
    <None Include="C:\TeamCity\work\938b0bdf6727d1ad\thirdparty\range-v3\include\range\v3\range\dangling.hpp">
      <Filter>Header Files</Filter>
    </None>
    <None Include="C:\TeamCity\work\938b0bdf6727d1ad\thirdparty\range-v3\include\range\v3\range\operations.hpp">
      <Filter>Header Files</Filter>
    </None>
    <None Include="C:\TeamCity\work\938b0bdf6727d1ad\thirdparty\range-v3\include\range\v3\range\primitives.hpp">
      <Filter>Header Files</Filter>
    </None>
    <None Include="C:\TeamCity\work\938b0bdf6727d1ad\thirdparty\range-v3\include\range\v3\range\traits.hpp">
      <Filter>Header Files</Filter>
    </None>
    <None Include="C:\TeamCity\work\938b0bdf6727d1ad\thirdparty\range-v3\include\range\v3\range_access.hpp">
      <Filter>Header Files</Filter>
    </None>
    <None Include="C:\TeamCity\work\938b0bdf6727d1ad\thirdparty\range-v3\include\range\v3\range_concepts.hpp">
      <Filter>Header Files</Filter>
    </None>
    <None Include="C:\TeamCity\work\938b0bdf6727d1ad\thirdparty\range-v3\include\range\v3\range_for.hpp">
      <Filter>Header Files</Filter>
    </None>
    <None Include="C:\TeamCity\work\938b0bdf6727d1ad\thirdparty\range-v3\include\range\v3\range_fwd.hpp">
      <Filter>Header Files</Filter>
    </None>
    <None Include="C:\TeamCity\work\938b0bdf6727d1ad\thirdparty\range-v3\include\range\v3\range_traits.hpp">
      <Filter>Header Files</Filter>
    </None>
    <None Include="C:\TeamCity\work\938b0bdf6727d1ad\thirdparty\range-v3\include\range\v3\size.hpp">
      <Filter>Header Files</Filter>
    </None>
    <None Include="C:\TeamCity\work\938b0bdf6727d1ad\thirdparty\range-v3\include\range\v3\span.hpp">
      <Filter>Header Files</Filter>
    </None>
    <None Include="C:\TeamCity\work\938b0bdf6727d1ad\thirdparty\range-v3\include\range\v3\to_container.hpp">
      <Filter>Header Files</Filter>
    </None>
    <None Include="C:\TeamCity\work\938b0bdf6727d1ad\thirdparty\range-v3\include\range\v3\utility.hpp">
      <Filter>Header Files</Filter>
    </None>
    <None Include="C:\TeamCity\work\938b0bdf6727d1ad\thirdparty\range-v3\include\range\v3\utility\addressof.hpp">
      <Filter>Header Files</Filter>
    </None>
    <None Include="C:\TeamCity\work\938b0bdf6727d1ad\thirdparty\range-v3\include\range\v3\utility\any.hpp">
      <Filter>Header Files</Filter>
    </None>
    <None Include="C:\TeamCity\work\938b0bdf6727d1ad\thirdparty\range-v3\include\range\v3\utility\associated_types.hpp">
      <Filter>Header Files</Filter>
    </None>
    <None Include="C:\TeamCity\work\938b0bdf6727d1ad\thirdparty\range-v3\include\range\v3\utility\basic_iterator.hpp">
      <Filter>Header Files</Filter>
    </None>
    <None Include="C:\TeamCity\work\938b0bdf6727d1ad\thirdparty\range-v3\include\range\v3\utility\box.hpp">
      <Filter>Header Files</Filter>
    </None>
    <None Include="C:\TeamCity\work\938b0bdf6727d1ad\thirdparty\range-v3\include\range\v3\utility\common_iterator.hpp">
      <Filter>Header Files</Filter>
    </None>
    <None Include="C:\TeamCity\work\938b0bdf6727d1ad\thirdparty\range-v3\include\range\v3\utility\common_tuple.hpp">
      <Filter>Header Files</Filter>
    </None>
    <None Include="C:\TeamCity\work\938b0bdf6727d1ad\thirdparty\range-v3\include\range\v3\utility\common_type.hpp">
      <Filter>Header Files</Filter>
    </None>
    <None Include="C:\TeamCity\work\938b0bdf6727d1ad\thirdparty\range-v3\include\range\v3\utility\compressed_pair.hpp">
      <Filter>Header Files</Filter>
    </None>
    <None Include="C:\TeamCity\work\938b0bdf6727d1ad\thirdparty\range-v3\include\range\v3\utility\concepts.hpp">
      <Filter>Header Files</Filter>
    </None>
    <None Include="C:\TeamCity\work\938b0bdf6727d1ad\thirdparty\range-v3\include\range\v3\utility\copy.hpp">
      <Filter>Header Files</Filter>
    </None>
    <None Include="C:\TeamCity\work\938b0bdf6727d1ad\thirdparty\range-v3\include\range\v3\utility\counted_iterator.hpp">
      <Filter>Header Files</Filter>
    </None>
    <None Include="C:\TeamCity\work\938b0bdf6727d1ad\thirdparty\range-v3\include\range\v3\utility\dangling.hpp">
      <Filter>Header Files</Filter>
    </None>
    <None Include="C:\TeamCity\work\938b0bdf6727d1ad\thirdparty\range-v3\include\range\v3\utility\functional.hpp">
      <Filter>Header Files</Filter>
    </None>
    <None Include="C:\TeamCity\work\938b0bdf6727d1ad\thirdparty\range-v3\include\range\v3\utility\get.hpp">
      <Filter>Header Files</Filter>
    </None>
    <None Include="C:\TeamCity\work\938b0bdf6727d1ad\thirdparty\range-v3\include\range\v3\utility\in_place.hpp">
      <Filter>Header Files</Filter>
    </None>
    <None Include="C:\TeamCity\work\938b0bdf6727d1ad\thirdparty\range-v3\include\range\v3\utility\infinity.hpp">
      <Filter>Header Files</Filter>
    </None>
    <None Include="C:\TeamCity\work\938b0bdf6727d1ad\thirdparty\range-v3\include\range\v3\utility\invoke.hpp">
      <Filter>Header Files</Filter>
    </None>
    <None Include="C:\TeamCity\work\938b0bdf6727d1ad\thirdparty\range-v3\include\range\v3\utility\iterator.hpp">
      <Filter>Header Files</Filter>
    </None>
    <None Include="C:\TeamCity\work\938b0bdf6727d1ad\thirdparty\range-v3\include\range\v3\utility\iterator_concepts.hpp">
      <Filter>Header Files</Filter>
    </None>
    <None Include="C:\TeamCity\work\938b0bdf6727d1ad\thirdparty\range-v3\include\range\v3\utility\iterator_traits.hpp">
      <Filter>Header Files</Filter>
    </None>
    <None Include="C:\TeamCity\work\938b0bdf6727d1ad\thirdparty\range-v3\include\range\v3\utility\memory.hpp">
      <Filter>Header Files</Filter>
    </None>
    <None Include="C:\TeamCity\work\938b0bdf6727d1ad\thirdparty\range-v3\include\range\v3\utility\move.hpp">
      <Filter>Header Files</Filter>
    </None>
    <None Include="C:\TeamCity\work\938b0bdf6727d1ad\thirdparty\range-v3\include\range\v3\utility\nullptr_v.hpp">
      <Filter>Header Files</Filter>
    </None>
    <None Include="C:\TeamCity\work\938b0bdf6727d1ad\thirdparty\range-v3\include\range\v3\utility\optional.hpp">
      <Filter>Header Files</Filter>
    </None>
    <None Include="C:\TeamCity\work\938b0bdf6727d1ad\thirdparty\range-v3\include\range\v3\utility\polymorphic_cast.hpp">
      <Filter>Header Files</Filter>
    </None>
    <None Include="C:\TeamCity\work\938b0bdf6727d1ad\thirdparty\range-v3\include\range\v3\utility\random.hpp">
      <Filter>Header Files</Filter>
    </None>
    <None Include="C:\TeamCity\work\938b0bdf6727d1ad\thirdparty\range-v3\include\range\v3\utility\scope_exit.hpp">
      <Filter>Header Files</Filter>
    </None>
    <None Include="C:\TeamCity\work\938b0bdf6727d1ad\thirdparty\range-v3\include\range\v3\utility\semiregular.hpp">
      <Filter>Header Files</Filter>
    </None>
    <None Include="C:\TeamCity\work\938b0bdf6727d1ad\thirdparty\range-v3\include\range\v3\utility\semiregular_box.hpp">
      <Filter>Header Files</Filter>
    </None>
    <None Include="C:\TeamCity\work\938b0bdf6727d1ad\thirdparty\range-v3\include\range\v3\utility\static_const.hpp">
      <Filter>Header Files</Filter>
    </None>
    <None Include="C:\TeamCity\work\938b0bdf6727d1ad\thirdparty\range-v3\include\range\v3\utility\swap.hpp">
      <Filter>Header Files</Filter>
    </None>
    <None Include="C:\TeamCity\work\938b0bdf6727d1ad\thirdparty\range-v3\include\range\v3\utility\tagged_pair.hpp">
      <Filter>Header Files</Filter>
    </None>
    <None Include="C:\TeamCity\work\938b0bdf6727d1ad\thirdparty\range-v3\include\range\v3\utility\tagged_tuple.hpp">
      <Filter>Header Files</Filter>
    </None>
    <None Include="C:\TeamCity\work\938b0bdf6727d1ad\thirdparty\range-v3\include\range\v3\utility\tuple_algorithm.hpp">
      <Filter>Header Files</Filter>
    </None>
    <None Include="C:\TeamCity\work\938b0bdf6727d1ad\thirdparty\range-v3\include\range\v3\utility\unreachable.hpp">
      <Filter>Header Files</Filter>
    </None>
    <None Include="C:\TeamCity\work\938b0bdf6727d1ad\thirdparty\range-v3\include\range\v3\utility\variant.hpp">
      <Filter>Header Files</Filter>
    </None>
    <None Include="C:\TeamCity\work\938b0bdf6727d1ad\thirdparty\range-v3\include\range\v3\version.hpp">
      <Filter>Header Files</Filter>
    </None>
    <None Include="C:\TeamCity\work\938b0bdf6727d1ad\thirdparty\range-v3\include\range\v3\view.hpp">
      <Filter>Header Files</Filter>
    </None>
    <None Include="C:\TeamCity\work\938b0bdf6727d1ad\thirdparty\range-v3\include\range\v3\view\adaptor.hpp">
      <Filter>Header Files</Filter>
    </None>
    <None Include="C:\TeamCity\work\938b0bdf6727d1ad\thirdparty\range-v3\include\range\v3\view\addressof.hpp">
      <Filter>Header Files</Filter>
    </None>
    <None Include="C:\TeamCity\work\938b0bdf6727d1ad\thirdparty\range-v3\include\range\v3\view\adjacent_filter.hpp">
      <Filter>Header Files</Filter>
    </None>
    <None Include="C:\TeamCity\work\938b0bdf6727d1ad\thirdparty\range-v3\include\range\v3\view\adjacent_remove_if.hpp">
      <Filter>Header Files</Filter>
    </None>
    <None Include="C:\TeamCity\work\938b0bdf6727d1ad\thirdparty\range-v3\include\range\v3\view\all.hpp">
      <Filter>Header Files</Filter>
    </None>
    <None Include="C:\TeamCity\work\938b0bdf6727d1ad\thirdparty\range-v3\include\range\v3\view\any_view.hpp">
      <Filter>Header Files</Filter>
    </None>
    <None Include="C:\TeamCity\work\938b0bdf6727d1ad\thirdparty\range-v3\include\range\v3\view\bounded.hpp">
      <Filter>Header Files</Filter>
    </None>
    <None Include="C:\TeamCity\work\938b0bdf6727d1ad\thirdparty\range-v3\include\range\v3\view\c_str.hpp">
      <Filter>Header Files</Filter>
    </None>
    <None Include="C:\TeamCity\work\938b0bdf6727d1ad\thirdparty\range-v3\include\range\v3\view\cache1.hpp">
      <Filter>Header Files</Filter>
    </None>
    <None Include="C:\TeamCity\work\938b0bdf6727d1ad\thirdparty\range-v3\include\range\v3\view\cartesian_product.hpp">
      <Filter>Header Files</Filter>
    </None>
    <None Include="C:\TeamCity\work\938b0bdf6727d1ad\thirdparty\range-v3\include\range\v3\view\chunk.hpp">
      <Filter>Header Files</Filter>
    </None>
    <None Include="C:\TeamCity\work\938b0bdf6727d1ad\thirdparty\range-v3\include\range\v3\view\common.hpp">
      <Filter>Header Files</Filter>
    </None>
    <None Include="C:\TeamCity\work\938b0bdf6727d1ad\thirdparty\range-v3\include\range\v3\view\concat.hpp">
      <Filter>Header Files</Filter>
    </None>
    <None Include="C:\TeamCity\work\938b0bdf6727d1ad\thirdparty\range-v3\include\range\v3\view\const.hpp">
      <Filter>Header Files</Filter>
    </None>
    <None Include="C:\TeamCity\work\938b0bdf6727d1ad\thirdparty\range-v3\include\range\v3\view\counted.hpp">
      <Filter>Header Files</Filter>
    </None>
    <None Include="C:\TeamCity\work\938b0bdf6727d1ad\thirdparty\range-v3\include\range\v3\view\cycle.hpp">
      <Filter>Header Files</Filter>
    </None>
    <None Include="C:\TeamCity\work\938b0bdf6727d1ad\thirdparty\range-v3\include\range\v3\view\delimit.hpp">
      <Filter>Header Files</Filter>
    </None>
    <None Include="C:\TeamCity\work\938b0bdf6727d1ad\thirdparty\range-v3\include\range\v3\view\drop.hpp">
      <Filter>Header Files</Filter>
    </None>
    <None Include="C:\TeamCity\work\938b0bdf6727d1ad\thirdparty\range-v3\include\range\v3\view\drop_exactly.hpp">
      <Filter>Header Files</Filter>
    </None>
    <None Include="C:\TeamCity\work\938b0bdf6727d1ad\thirdparty\range-v3\include\range\v3\view\drop_last.hpp">
      <Filter>Header Files</Filter>
    </None>
    <None Include="C:\TeamCity\work\938b0bdf6727d1ad\thirdparty\range-v3\include\range\v3\view\drop_while.hpp">
      <Filter>Header Files</Filter>
    </None>
    <None Include="C:\TeamCity\work\938b0bdf6727d1ad\thirdparty\range-v3\include\range\v3\view\empty.hpp">
      <Filter>Header Files</Filter>
    </None>
    <None Include="C:\TeamCity\work\938b0bdf6727d1ad\thirdparty\range-v3\include\range\v3\view\enumerate.hpp">
      <Filter>Header Files</Filter>
    </None>
    <None Include="C:\TeamCity\work\938b0bdf6727d1ad\thirdparty\range-v3\include\range\v3\view\exclusive_scan.hpp">
      <Filter>Header Files</Filter>
    </None>
    <None Include="C:\TeamCity\work\938b0bdf6727d1ad\thirdparty\range-v3\include\range\v3\view\facade.hpp">
      <Filter>Header Files</Filter>
    </None>
    <None Include="C:\TeamCity\work\938b0bdf6727d1ad\thirdparty\range-v3\include\range\v3\view\filter.hpp">
      <Filter>Header Files</Filter>
    </None>
    <None Include="C:\TeamCity\work\938b0bdf6727d1ad\thirdparty\range-v3\include\range\v3\view\for_each.hpp">
      <Filter>Header Files</Filter>
    </None>
    <None Include="C:\TeamCity\work\938b0bdf6727d1ad\thirdparty\range-v3\include\range\v3\view\generate.hpp">
      <Filter>Header Files</Filter>
    </None>
    <None Include="C:\TeamCity\work\938b0bdf6727d1ad\thirdparty\range-v3\include\range\v3\view\generate_n.hpp">
      <Filter>Header Files</Filter>
    </None>
    <None Include="C:\TeamCity\work\938b0bdf6727d1ad\thirdparty\range-v3\include\range\v3\view\getlines.hpp">
      <Filter>Header Files</Filter>
    </None>
    <None Include="C:\TeamCity\work\938b0bdf6727d1ad\thirdparty\range-v3\include\range\v3\view\group_by.hpp">
      <Filter>Header Files</Filter>
    </None>
    <None Include="C:\TeamCity\work\938b0bdf6727d1ad\thirdparty\range-v3\include\range\v3\view\indices.hpp">
      <Filter>Header Files</Filter>
    </None>
    <None Include="C:\TeamCity\work\938b0bdf6727d1ad\thirdparty\range-v3\include\range\v3\view\indirect.hpp">
      <Filter>Header Files</Filter>
    </None>
    <None Include="C:\TeamCity\work\938b0bdf6727d1ad\thirdparty\range-v3\include\range\v3\view\interface.hpp">
      <Filter>Header Files</Filter>
    </None>
    <None Include="C:\TeamCity\work\938b0bdf6727d1ad\thirdparty\range-v3\include\range\v3\view\intersperse.hpp">
      <Filter>Header Files</Filter>
    </None>
    <None Include="C:\TeamCity\work\938b0bdf6727d1ad\thirdparty\range-v3\include\range\v3\view\iota.hpp">
      <Filter>Header Files</Filter>
    </None>
    <None Include="C:\TeamCity\work\938b0bdf6727d1ad\thirdparty\range-v3\include\range\v3\view\istream.hpp">
      <Filter>Header Files</Filter>
    </None>
    <None Include="C:\TeamCity\work\938b0bdf6727d1ad\thirdparty\range-v3\include\range\v3\view\join.hpp">
      <Filter>Header Files</Filter>
    </None>
    <None Include="C:\TeamCity\work\938b0bdf6727d1ad\thirdparty\range-v3\include\range\v3\view\linear_distribute.hpp">
      <Filter>Header Files</Filter>
    </None>
    <None Include="C:\TeamCity\work\938b0bdf6727d1ad\thirdparty\range-v3\include\range\v3\view\map.hpp">
      <Filter>Header Files</Filter>
    </None>
    <None Include="C:\TeamCity\work\938b0bdf6727d1ad\thirdparty\range-v3\include\range\v3\view\move.hpp">
      <Filter>Header Files</Filter>
    </None>
    <None Include="C:\TeamCity\work\938b0bdf6727d1ad\thirdparty\range-v3\include\range\v3\view\partial_sum.hpp">
      <Filter>Header Files</Filter>
    </None>
    <None Include="C:\TeamCity\work\938b0bdf6727d1ad\thirdparty\range-v3\include\range\v3\view\ref.hpp">
      <Filter>Header Files</Filter>
    </None>
    <None Include="C:\TeamCity\work\938b0bdf6727d1ad\thirdparty\range-v3\include\range\v3\view\remove.hpp">
      <Filter>Header Files</Filter>
    </None>
    <None Include="C:\TeamCity\work\938b0bdf6727d1ad\thirdparty\range-v3\include\range\v3\view\remove_if.hpp">
      <Filter>Header Files</Filter>
    </None>
    <None Include="C:\TeamCity\work\938b0bdf6727d1ad\thirdparty\range-v3\include\range\v3\view\repeat.hpp">
      <Filter>Header Files</Filter>
    </None>
    <None Include="C:\TeamCity\work\938b0bdf6727d1ad\thirdparty\range-v3\include\range\v3\view\repeat_n.hpp">
      <Filter>Header Files</Filter>
    </None>
    <None Include="C:\TeamCity\work\938b0bdf6727d1ad\thirdparty\range-v3\include\range\v3\view\replace.hpp">
      <Filter>Header Files</Filter>
    </None>
    <None Include="C:\TeamCity\work\938b0bdf6727d1ad\thirdparty\range-v3\include\range\v3\view\replace_if.hpp">
      <Filter>Header Files</Filter>
    </None>
    <None Include="C:\TeamCity\work\938b0bdf6727d1ad\thirdparty\range-v3\include\range\v3\view\reverse.hpp">
      <Filter>Header Files</Filter>
    </None>
    <None Include="C:\TeamCity\work\938b0bdf6727d1ad\thirdparty\range-v3\include\range\v3\view\sample.hpp">
      <Filter>Header Files</Filter>
    </None>
    <None Include="C:\TeamCity\work\938b0bdf6727d1ad\thirdparty\range-v3\include\range\v3\view\set_algorithm.hpp">
      <Filter>Header Files</Filter>
    </None>
    <None Include="C:\TeamCity\work\938b0bdf6727d1ad\thirdparty\range-v3\include\range\v3\view\single.hpp">
      <Filter>Header Files</Filter>
    </None>
    <None Include="C:\TeamCity\work\938b0bdf6727d1ad\thirdparty\range-v3\include\range\v3\view\slice.hpp">
      <Filter>Header Files</Filter>
    </None>
    <None Include="C:\TeamCity\work\938b0bdf6727d1ad\thirdparty\range-v3\include\range\v3\view\sliding.hpp">
      <Filter>Header Files</Filter>
    </None>
    <None Include="C:\TeamCity\work\938b0bdf6727d1ad\thirdparty\range-v3\include\range\v3\view\span.hpp">
      <Filter>Header Files</Filter>
    </None>
    <None Include="C:\TeamCity\work\938b0bdf6727d1ad\thirdparty\range-v3\include\range\v3\view\split.hpp">
      <Filter>Header Files</Filter>
    </None>
    <None Include="C:\TeamCity\work\938b0bdf6727d1ad\thirdparty\range-v3\include\range\v3\view\split_when.hpp">
      <Filter>Header Files</Filter>
    </None>
    <None Include="C:\TeamCity\work\938b0bdf6727d1ad\thirdparty\range-v3\include\range\v3\view\stride.hpp">
      <Filter>Header Files</Filter>
    </None>
    <None Include="C:\TeamCity\work\938b0bdf6727d1ad\thirdparty\range-v3\include\range\v3\view\subrange.hpp">
      <Filter>Header Files</Filter>
    </None>
    <None Include="C:\TeamCity\work\938b0bdf6727d1ad\thirdparty\range-v3\include\range\v3\view\tail.hpp">
      <Filter>Header Files</Filter>
    </None>
    <None Include="C:\TeamCity\work\938b0bdf6727d1ad\thirdparty\range-v3\include\range\v3\view\take.hpp">
      <Filter>Header Files</Filter>
    </None>
    <None Include="C:\TeamCity\work\938b0bdf6727d1ad\thirdparty\range-v3\include\range\v3\view\take_exactly.hpp">
      <Filter>Header Files</Filter>
    </None>
    <None Include="C:\TeamCity\work\938b0bdf6727d1ad\thirdparty\range-v3\include\range\v3\view\take_last.hpp">
      <Filter>Header Files</Filter>
    </None>
    <None Include="C:\TeamCity\work\938b0bdf6727d1ad\thirdparty\range-v3\include\range\v3\view\take_while.hpp">
      <Filter>Header Files</Filter>
    </None>
    <None Include="C:\TeamCity\work\938b0bdf6727d1ad\thirdparty\range-v3\include\range\v3\view\tokenize.hpp">
      <Filter>Header Files</Filter>
    </None>
    <None Include="C:\TeamCity\work\938b0bdf6727d1ad\thirdparty\range-v3\include\range\v3\view\transform.hpp">
      <Filter>Header Files</Filter>
    </None>
    <None Include="C:\TeamCity\work\938b0bdf6727d1ad\thirdparty\range-v3\include\range\v3\view\trim.hpp">
      <Filter>Header Files</Filter>
    </None>
    <None Include="C:\TeamCity\work\938b0bdf6727d1ad\thirdparty\range-v3\include\range\v3\view\unbounded.hpp">
      <Filter>Header Files</Filter>
    </None>
    <None Include="C:\TeamCity\work\938b0bdf6727d1ad\thirdparty\range-v3\include\range\v3\view\unique.hpp">
      <Filter>Header Files</Filter>
    </None>
    <None Include="C:\TeamCity\work\938b0bdf6727d1ad\thirdparty\range-v3\include\range\v3\view\view.hpp">
      <Filter>Header Files</Filter>
    </None>
    <None Include="C:\TeamCity\work\938b0bdf6727d1ad\thirdparty\range-v3\include\range\v3\view\zip.hpp">
      <Filter>Header Files</Filter>
    </None>
    <None Include="C:\TeamCity\work\938b0bdf6727d1ad\thirdparty\range-v3\include\range\v3\view\zip_with.hpp">
      <Filter>Header Files</Filter>
    </None>
    <None Include="C:\TeamCity\work\938b0bdf6727d1ad\thirdparty\range-v3\include\range\v3\view_adaptor.hpp">
      <Filter>Header Files</Filter>
    </None>
    <None Include="C:\TeamCity\work\938b0bdf6727d1ad\thirdparty\range-v3\include\range\v3\view_facade.hpp">
      <Filter>Header Files</Filter>
    </None>
    <None Include="C:\TeamCity\work\938b0bdf6727d1ad\thirdparty\range-v3\include\range\v3\view_interface.hpp">
      <Filter>Header Files</Filter>
    </None>
    <None Include="C:\TeamCity\work\938b0bdf6727d1ad\thirdparty\range-v3\include\std\detail\associated_types.hpp">
      <Filter>Header Files</Filter>
    </None>
  </ItemGroup>
  <ItemGroup>
    <Filter Include="Header Files">
      <UniqueIdentifier>{54937842-D028-3E8B-9BFD-96FD6754F90D}</UniqueIdentifier>
    </Filter>
  </ItemGroup>
</Project>
