<?xml version="1.0" encoding="utf-8"?>
<Project ToolsVersion="17.0" xmlns="http://schemas.microsoft.com/developer/msbuild/2003">
  <ItemGroup>
    <CustomBuild Include="C:\TeamCity\work\938b0bdf6727d1ad\build\temp.win32-cpython-39\Release\CMakeFiles\97dee356adb172400a7d113389062e2f\INSTALL_force.rule">
      <Filter>CMake Rules</Filter>
    </CustomBuild>
  </ItemGroup>
  <ItemGroup>
    <Filter Include="CMake Rules">
      <UniqueIdentifier>{457B87E1-8312-3633-8D4F-EA4B80D60CCE}</UniqueIdentifier>
    </Filter>
  </ItemGroup>
</Project>
