
Microsoft Visual Studio Solution File, Format Version 12.00
# Visual Studio Version 17
Project("{2150E333-8FDC-42A3-9474-1A3956D46DE8}") = "CMakePredefinedTargets", "CMakePredefinedTargets", "{1AE4254D-5151-3170-AC2F-DF333A864630}"
EndProject
Project("{2150E333-8FDC-42A3-9474-1A3956D46DE8}") = "header", "header", "{43CAC8DC-B555-3FA9-AC52-242A57F52BF1}"
EndProject
Project("{8BC9CEB8-8B4A-11D0-8D11-00A0C91BC942}") = "ALL_BUILD", "ALL_BUILD.vcxproj", "{DBFCE00D-F9D1-3040-9DC0-F546CDDC3D20}"
	ProjectSection(ProjectDependencies) = postProject
		{DCDD4C7B-49CB-3251-AE6D-94B94E787D36} = {DCDD4C7B-49CB-3251-AE6D-94B94E787D36}
	EndProjectSection
EndProject
Project("{8BC9CEB8-8B4A-11D0-8D11-00A0C91BC942}") = "INSTALL", "INSTALL.vcxproj", "{C4576C3A-5D10-3C70-8D66-E8E008C1CB31}"
	ProjectSection(ProjectDependencies) = postProject
		{DBFCE00D-F9D1-3040-9DC0-F546CDDC3D20} = {DBFCE00D-F9D1-3040-9DC0-F546CDDC3D20}
		{DCDD4C7B-49CB-3251-AE6D-94B94E787D36} = {DCDD4C7B-49CB-3251-AE6D-94B94E787D36}
	EndProjectSection
EndProject
Project("{8BC9CEB8-8B4A-11D0-8D11-00A0C91BC942}") = "ZERO_CHECK", "C:\TeamCity\work\938b0bdf6727d1ad\build\temp.win-amd64-cpython-313\Release\ZERO_CHECK.vcxproj", "{DCDD4C7B-49CB-3251-AE6D-94B94E787D36}"
	ProjectSection(ProjectDependencies) = postProject
	EndProjectSection
EndProject
Project("{8BC9CEB8-8B4A-11D0-8D11-00A0C91BC942}") = "range.v3.headers", "range.v3.headers.vcxproj", "{3EDD6E3B-513B-38ED-8445-0F139CD9AF43}"
	ProjectSection(ProjectDependencies) = postProject
		{DCDD4C7B-49CB-3251-AE6D-94B94E787D36} = {DCDD4C7B-49CB-3251-AE6D-94B94E787D36}
	EndProjectSection
EndProject
Global
	GlobalSection(SolutionConfigurationPlatforms) = preSolution
		Debug|x64 = Debug|x64
		Release|x64 = Release|x64
		MinSizeRel|x64 = MinSizeRel|x64
		RelWithDebInfo|x64 = RelWithDebInfo|x64
	EndGlobalSection
	GlobalSection(ProjectConfigurationPlatforms) = postSolution
		{DBFCE00D-F9D1-3040-9DC0-F546CDDC3D20}.Debug|x64.ActiveCfg = Debug|x64
		{DBFCE00D-F9D1-3040-9DC0-F546CDDC3D20}.Debug|x64.Build.0 = Debug|x64
		{DBFCE00D-F9D1-3040-9DC0-F546CDDC3D20}.Release|x64.ActiveCfg = Release|x64
		{DBFCE00D-F9D1-3040-9DC0-F546CDDC3D20}.Release|x64.Build.0 = Release|x64
		{DBFCE00D-F9D1-3040-9DC0-F546CDDC3D20}.MinSizeRel|x64.ActiveCfg = MinSizeRel|x64
		{DBFCE00D-F9D1-3040-9DC0-F546CDDC3D20}.MinSizeRel|x64.Build.0 = MinSizeRel|x64
		{DBFCE00D-F9D1-3040-9DC0-F546CDDC3D20}.RelWithDebInfo|x64.ActiveCfg = RelWithDebInfo|x64
		{DBFCE00D-F9D1-3040-9DC0-F546CDDC3D20}.RelWithDebInfo|x64.Build.0 = RelWithDebInfo|x64
		{C4576C3A-5D10-3C70-8D66-E8E008C1CB31}.Debug|x64.ActiveCfg = Debug|x64
		{C4576C3A-5D10-3C70-8D66-E8E008C1CB31}.Release|x64.ActiveCfg = Release|x64
		{C4576C3A-5D10-3C70-8D66-E8E008C1CB31}.MinSizeRel|x64.ActiveCfg = MinSizeRel|x64
		{C4576C3A-5D10-3C70-8D66-E8E008C1CB31}.RelWithDebInfo|x64.ActiveCfg = RelWithDebInfo|x64
		{DCDD4C7B-49CB-3251-AE6D-94B94E787D36}.Debug|x64.ActiveCfg = Debug|x64
		{DCDD4C7B-49CB-3251-AE6D-94B94E787D36}.Debug|x64.Build.0 = Debug|x64
		{DCDD4C7B-49CB-3251-AE6D-94B94E787D36}.Release|x64.ActiveCfg = Release|x64
		{DCDD4C7B-49CB-3251-AE6D-94B94E787D36}.Release|x64.Build.0 = Release|x64
		{DCDD4C7B-49CB-3251-AE6D-94B94E787D36}.MinSizeRel|x64.ActiveCfg = MinSizeRel|x64
		{DCDD4C7B-49CB-3251-AE6D-94B94E787D36}.MinSizeRel|x64.Build.0 = MinSizeRel|x64
		{DCDD4C7B-49CB-3251-AE6D-94B94E787D36}.RelWithDebInfo|x64.ActiveCfg = RelWithDebInfo|x64
		{DCDD4C7B-49CB-3251-AE6D-94B94E787D36}.RelWithDebInfo|x64.Build.0 = RelWithDebInfo|x64
		{3EDD6E3B-513B-38ED-8445-0F139CD9AF43}.Debug|x64.ActiveCfg = Debug|x64
		{3EDD6E3B-513B-38ED-8445-0F139CD9AF43}.Release|x64.ActiveCfg = Release|x64
		{3EDD6E3B-513B-38ED-8445-0F139CD9AF43}.MinSizeRel|x64.ActiveCfg = MinSizeRel|x64
		{3EDD6E3B-513B-38ED-8445-0F139CD9AF43}.RelWithDebInfo|x64.ActiveCfg = RelWithDebInfo|x64
	EndGlobalSection
	GlobalSection(NestedProjects) = preSolution
		{DBFCE00D-F9D1-3040-9DC0-F546CDDC3D20} = {1AE4254D-5151-3170-AC2F-DF333A864630}
		{C4576C3A-5D10-3C70-8D66-E8E008C1CB31} = {1AE4254D-5151-3170-AC2F-DF333A864630}
		{DCDD4C7B-49CB-3251-AE6D-94B94E787D36} = {1AE4254D-5151-3170-AC2F-DF333A864630}
		{3EDD6E3B-513B-38ED-8445-0F139CD9AF43} = {43CAC8DC-B555-3FA9-AC52-242A57F52BF1}
	EndGlobalSection
	GlobalSection(ExtensibilityGlobals) = postSolution
		SolutionGuid = {E398D6CE-7CA8-3C6A-B59A-7F7390ADC3AC}
	EndGlobalSection
	GlobalSection(ExtensibilityAddIns) = postSolution
	EndGlobalSection
EndGlobal
