
Microsoft Visual Studio Solution File, Format Version 12.00
# Visual Studio Version 17
Project("{2150E333-8FDC-42A3-9474-1A3956D46DE8}") = "CMakePredefinedTargets", "CMakePredefinedTargets", "{2A43F6D5-4C79-38E1-9831-4DDA14FC71B7}"
EndProject
Project("{8BC9CEB8-8B4A-11D0-8D11-00A0C91BC942}") = "ALL_BUILD", "ALL_BUILD.vcxproj", "{75A0F471-DB5C-3B7F-8660-A7FA046CBA78}"
	ProjectSection(ProjectDependencies) = postProject
		{DFA973B4-DF72-30E9-8CFC-CBDC2A6DCF50} = {DFA973B4-DF72-30E9-8CFC-CBDC2A6DCF50}
	EndProjectSection
EndProject
Project("{8BC9CEB8-8B4A-11D0-8D11-00A0C91BC942}") = "INSTALL", "INSTALL.vcxproj", "{5D7CB4B0-3507-398A-90F5-1D0D54BD5B29}"
	ProjectSection(ProjectDependencies) = postProject
		{75A0F471-DB5C-3B7F-8660-A7FA046CBA78} = {75A0F471-DB5C-3B7F-8660-A7FA046CBA78}
		{DFA973B4-DF72-30E9-8CFC-CBDC2A6DCF50} = {DFA973B4-DF72-30E9-8CFC-CBDC2A6DCF50}
	EndProjectSection
EndProject
Project("{8BC9CEB8-8B4A-11D0-8D11-00A0C91BC942}") = "ZERO_CHECK", "C:\TeamCity\work\938b0bdf6727d1ad\build\temp.win32-cpython-314\Release\ZERO_CHECK.vcxproj", "{DFA973B4-DF72-30E9-8CFC-CBDC2A6DCF50}"
	ProjectSection(ProjectDependencies) = postProject
	EndProjectSection
EndProject
Global
	GlobalSection(SolutionConfigurationPlatforms) = preSolution
		Debug|Win32 = Debug|Win32
		Release|Win32 = Release|Win32
		MinSizeRel|Win32 = MinSizeRel|Win32
		RelWithDebInfo|Win32 = RelWithDebInfo|Win32
	EndGlobalSection
	GlobalSection(ProjectConfigurationPlatforms) = postSolution
		{75A0F471-DB5C-3B7F-8660-A7FA046CBA78}.Debug|Win32.ActiveCfg = Debug|Win32
		{75A0F471-DB5C-3B7F-8660-A7FA046CBA78}.Debug|Win32.Build.0 = Debug|Win32
		{75A0F471-DB5C-3B7F-8660-A7FA046CBA78}.Release|Win32.ActiveCfg = Release|Win32
		{75A0F471-DB5C-3B7F-8660-A7FA046CBA78}.Release|Win32.Build.0 = Release|Win32
		{75A0F471-DB5C-3B7F-8660-A7FA046CBA78}.MinSizeRel|Win32.ActiveCfg = MinSizeRel|Win32
		{75A0F471-DB5C-3B7F-8660-A7FA046CBA78}.MinSizeRel|Win32.Build.0 = MinSizeRel|Win32
		{75A0F471-DB5C-3B7F-8660-A7FA046CBA78}.RelWithDebInfo|Win32.ActiveCfg = RelWithDebInfo|Win32
		{75A0F471-DB5C-3B7F-8660-A7FA046CBA78}.RelWithDebInfo|Win32.Build.0 = RelWithDebInfo|Win32
		{5D7CB4B0-3507-398A-90F5-1D0D54BD5B29}.Debug|Win32.ActiveCfg = Debug|Win32
		{5D7CB4B0-3507-398A-90F5-1D0D54BD5B29}.Release|Win32.ActiveCfg = Release|Win32
		{5D7CB4B0-3507-398A-90F5-1D0D54BD5B29}.MinSizeRel|Win32.ActiveCfg = MinSizeRel|Win32
		{5D7CB4B0-3507-398A-90F5-1D0D54BD5B29}.RelWithDebInfo|Win32.ActiveCfg = RelWithDebInfo|Win32
		{DFA973B4-DF72-30E9-8CFC-CBDC2A6DCF50}.Debug|Win32.ActiveCfg = Debug|Win32
		{DFA973B4-DF72-30E9-8CFC-CBDC2A6DCF50}.Debug|Win32.Build.0 = Debug|Win32
		{DFA973B4-DF72-30E9-8CFC-CBDC2A6DCF50}.Release|Win32.ActiveCfg = Release|Win32
		{DFA973B4-DF72-30E9-8CFC-CBDC2A6DCF50}.Release|Win32.Build.0 = Release|Win32
		{DFA973B4-DF72-30E9-8CFC-CBDC2A6DCF50}.MinSizeRel|Win32.ActiveCfg = MinSizeRel|Win32
		{DFA973B4-DF72-30E9-8CFC-CBDC2A6DCF50}.MinSizeRel|Win32.Build.0 = MinSizeRel|Win32
		{DFA973B4-DF72-30E9-8CFC-CBDC2A6DCF50}.RelWithDebInfo|Win32.ActiveCfg = RelWithDebInfo|Win32
		{DFA973B4-DF72-30E9-8CFC-CBDC2A6DCF50}.RelWithDebInfo|Win32.Build.0 = RelWithDebInfo|Win32
	EndGlobalSection
	GlobalSection(NestedProjects) = preSolution
		{75A0F471-DB5C-3B7F-8660-A7FA046CBA78} = {2A43F6D5-4C79-38E1-9831-4DDA14FC71B7}
		{5D7CB4B0-3507-398A-90F5-1D0D54BD5B29} = {2A43F6D5-4C79-38E1-9831-4DDA14FC71B7}
		{DFA973B4-DF72-30E9-8CFC-CBDC2A6DCF50} = {2A43F6D5-4C79-38E1-9831-4DDA14FC71B7}
	EndGlobalSection
	GlobalSection(ExtensibilityGlobals) = postSolution
		SolutionGuid = {0915CB6E-E249-3CB2-945A-6F3E5673DCA1}
	EndGlobalSection
	GlobalSection(ExtensibilityAddIns) = postSolution
	EndGlobalSection
EndGlobal
